// !$*UTF8*$!
{
	archiveVersion = 1;
	classes = {
	};
	objectVersion = 77;
	objects = {

/* Begin PBXBuildFile section */
		4B045B0F2D69DA1D007A2C4C /* MessageListViewApp.swift in Sources */ = {isa = PBXBuildFile; fileRef = 4B045B0D2D69DA1D007A2C4C /* MessageListViewApp.swift */; };
		4B045B142D69DA1F007A2C4C /* Preview Assets.xcassets in Resources */ = {isa = PBXBuildFile; fileRef = 4B045B102D69DA1F007A2C4C /* Preview Assets.xcassets */; };
		4B045B152D69DA1F007A2C4C /* Assets.xcassets in Resources */ = {isa = PBXBuildFile; fileRef = 4B045B122D69DA1F007A2C4C /* Assets.xcassets */; };
		4B045B382D69DCF8007A2C4C /* MessageListViewTests.swift in Sources */ = {isa = PBXBuildFile; fileRef = 4B045B362D69DCF8007A2C4C /* MessageListViewTests.swift */; };
		4B045B3C2D69DCFB007A2C4C /* MessageListViewUITests.swift in Sources */ = {isa = PBXBuildFile; fileRef = 4B045B392D69DCFB007A2C4C /* MessageListViewUITests.swift */; };
		4B045B3D2D69DCFB007A2C4C /* MessageListViewUITestsLaunchTests.swift in Sources */ = {isa = PBXBuildFile; fileRef = 4B045B3A2D69DCFB007A2C4C /* MessageListViewUITestsLaunchTests.swift */; };
		4B045DE22D6A2F52007A2C4C /* MessageListUI.framework in Frameworks */ = {isa = PBXBuildFile; fileRef = 4B045DDA2D6A2F52007A2C4C /* MessageListUI.framework */; };
		4B045DE32D6A2F52007A2C4C /* MessageListUI.framework in Embed Frameworks */ = {isa = PBXBuildFile; fileRef = 4B045DDA2D6A2F52007A2C4C /* MessageListUI.framework */; settings = {ATTRIBUTES = (CodeSignOnCopy, RemoveHeadersOnCopy, ); }; };
		4B045DF62D6A2F61007A2C4C /* MessageListInterface.framework in Frameworks */ = {isa = PBXBuildFile; fileRef = 4B045DEE2D6A2F61007A2C4C /* MessageListInterface.framework */; };
		4B045DF72D6A2F61007A2C4C /* MessageListInterface.framework in Embed Frameworks */ = {isa = PBXBuildFile; fileRef = 4B045DEE2D6A2F61007A2C4C /* MessageListInterface.framework */; settings = {ATTRIBUTES = (CodeSignOnCopy, RemoveHeadersOnCopy, ); }; };
		4B045E092D6A2F6F007A2C4C /* MessageListFeature.framework in Frameworks */ = {isa = PBXBuildFile; fileRef = 4B045E012D6A2F6F007A2C4C /* MessageListFeature.framework */; };
		4B045E0A2D6A2F6F007A2C4C /* MessageListFeature.framework in Embed Frameworks */ = {isa = PBXBuildFile; fileRef = 4B045E012D6A2F6F007A2C4C /* MessageListFeature.framework */; settings = {ATTRIBUTES = (CodeSignOnCopy, RemoveHeadersOnCopy, ); }; };
/* End PBXBuildFile section */

/* Begin PBXContainerItemProxy section */
		4B045A912D69D87A007A2C4C /* PBXContainerItemProxy */ = {
			isa = PBXContainerItemProxy;
			containerPortal = 4B045A782D69D879007A2C4C /* Project object */;
			proxyType = 1;
			remoteGlobalIDString = 4B045A7F2D69D879007A2C4C;
			remoteInfo = MessageListView;
		};
		4B045A9B2D69D87A007A2C4C /* PBXContainerItemProxy */ = {
			isa = PBXContainerItemProxy;
			containerPortal = 4B045A782D69D879007A2C4C /* Project object */;
			proxyType = 1;
			remoteGlobalIDString = 4B045A7F2D69D879007A2C4C;
			remoteInfo = MessageListView;
		};
		4B045DE02D6A2F52007A2C4C /* PBXContainerItemProxy */ = {
			isa = PBXContainerItemProxy;
			containerPortal = 4B045A782D69D879007A2C4C /* Project object */;
			proxyType = 1;
			remoteGlobalIDString = 4B045DD92D6A2F52007A2C4C;
			remoteInfo = MessageListUI;
		};
		4B045DF42D6A2F61007A2C4C /* PBXContainerItemProxy */ = {
			isa = PBXContainerItemProxy;
			containerPortal = 4B045A782D69D879007A2C4C /* Project object */;
			proxyType = 1;
			remoteGlobalIDString = 4B045DED2D6A2F61007A2C4C;
			remoteInfo = MessageListInterface;
		};
		4B045E072D6A2F6F007A2C4C /* PBXContainerItemProxy */ = {
			isa = PBXContainerItemProxy;
			containerPortal = 4B045A782D69D879007A2C4C /* Project object */;
			proxyType = 1;
			remoteGlobalIDString = 4B045E002D6A2F6F007A2C4C;
			remoteInfo = MessageListFeature;
		};
/* End PBXContainerItemProxy section */

/* Begin PBXCopyFilesBuildPhase section */
		4B045DE82D6A2F52007A2C4C /* Embed Frameworks */ = {
			isa = PBXCopyFilesBuildPhase;
			buildActionMask = 2147483647;
			dstPath = "";
			dstSubfolderSpec = 10;
			files = (
				4B045DF72D6A2F61007A2C4C /* MessageListInterface.framework in Embed Frameworks */,
				4B045DE32D6A2F52007A2C4C /* MessageListUI.framework in Embed Frameworks */,
				4B045E0A2D6A2F6F007A2C4C /* MessageListFeature.framework in Embed Frameworks */,
			);
			name = "Embed Frameworks";
			runOnlyForDeploymentPostprocessing = 0;
		};
/* End PBXCopyFilesBuildPhase section */

/* Begin PBXFileReference section */
		4B045A802D69D879007A2C4C /* MessageListViewExamleApp.app */ = {isa = PBXFileReference; explicitFileType = wrapper.application; includeInIndex = 0; path = MessageListViewExamleApp.app; sourceTree = BUILT_PRODUCTS_DIR; };
		4B045A902D69D87A007A2C4C /* MessageListViewTests.xctest */ = {isa = PBXFileReference; explicitFileType = wrapper.cfbundle; includeInIndex = 0; path = MessageListViewTests.xctest; sourceTree = BUILT_PRODUCTS_DIR; };
		4B045A9A2D69D87A007A2C4C /* MessageListViewUITests.xctest */ = {isa = PBXFileReference; explicitFileType = wrapper.cfbundle; includeInIndex = 0; path = MessageListViewUITests.xctest; sourceTree = BUILT_PRODUCTS_DIR; };
		4B045B0D2D69DA1D007A2C4C /* MessageListViewApp.swift */ = {isa = PBXFileReference; lastKnownFileType = sourcecode.swift; path = MessageListViewApp.swift; sourceTree = "<group>"; };
		4B045B102D69DA1F007A2C4C /* Preview Assets.xcassets */ = {isa = PBXFileReference; lastKnownFileType = folder.assetcatalog; path = "Preview Assets.xcassets"; sourceTree = "<group>"; };
		4B045B122D69DA1F007A2C4C /* Assets.xcassets */ = {isa = PBXFileReference; lastKnownFileType = folder.assetcatalog; path = Assets.xcassets; sourceTree = "<group>"; };
		4B045B362D69DCF8007A2C4C /* MessageListViewTests.swift */ = {isa = PBXFileReference; lastKnownFileType = sourcecode.swift; path = MessageListViewTests.swift; sourceTree = "<group>"; };
		4B045B392D69DCFB007A2C4C /* MessageListViewUITests.swift */ = {isa = PBXFileReference; lastKnownFileType = sourcecode.swift; path = MessageListViewUITests.swift; sourceTree = "<group>"; };
		4B045B3A2D69DCFB007A2C4C /* MessageListViewUITestsLaunchTests.swift */ = {isa = PBXFileReference; lastKnownFileType = sourcecode.swift; path = MessageListViewUITestsLaunchTests.swift; sourceTree = "<group>"; };
		4B045DDA2D6A2F52007A2C4C /* MessageListUI.framework */ = {isa = PBXFileReference; explicitFileType = wrapper.framework; includeInIndex = 0; path = MessageListUI.framework; sourceTree = BUILT_PRODUCTS_DIR; };
		4B045DEE2D6A2F61007A2C4C /* MessageListInterface.framework */ = {isa = PBXFileReference; explicitFileType = wrapper.framework; includeInIndex = 0; path = MessageListInterface.framework; sourceTree = BUILT_PRODUCTS_DIR; };
		4B045E012D6A2F6F007A2C4C /* MessageListFeature.framework */ = {isa = PBXFileReference; explicitFileType = wrapper.framework; includeInIndex = 0; path = MessageListFeature.framework; sourceTree = BUILT_PRODUCTS_DIR; };
/* End PBXFileReference section */

/* Begin PBXFrameworksBuildPhase section */
		4B045A7D2D69D879007A2C4C /* Frameworks */ = {
			isa = PBXFrameworksBuildPhase;
			buildActionMask = 2147483647;
			files = (
				4B045DF62D6A2F61007A2C4C /* MessageListInterface.framework in Frameworks */,
				4B045DE22D6A2F52007A2C4C /* MessageListUI.framework in Frameworks */,
				4B045E092D6A2F6F007A2C4C /* MessageListFeature.framework in Frameworks */,
			);
			runOnlyForDeploymentPostprocessing = 0;
		};
		4B045A8D2D69D87A007A2C4C /* Frameworks */ = {
			isa = PBXFrameworksBuildPhase;
			buildActionMask = 2147483647;
			files = (
			);
			runOnlyForDeploymentPostprocessing = 0;
		};
		4B045A972D69D87A007A2C4C /* Frameworks */ = {
			isa = PBXFrameworksBuildPhase;
			buildActionMask = 2147483647;
			files = (
			);
			runOnlyForDeploymentPostprocessing = 0;
		};
		4B045DD72D6A2F52007A2C4C /* Frameworks */ = {
			isa = PBXFrameworksBuildPhase;
			buildActionMask = 2147483647;
			files = (
			);
			runOnlyForDeploymentPostprocessing = 0;
		};
		4B045DEB2D6A2F61007A2C4C /* Frameworks */ = {
			isa = PBXFrameworksBuildPhase;
			buildActionMask = 2147483647;
			files = (
			);
			runOnlyForDeploymentPostprocessing = 0;
		};
		4B045DFE2D6A2F6F007A2C4C /* Frameworks */ = {
			isa = PBXFrameworksBuildPhase;
			buildActionMask = 2147483647;
			files = (
			);
			runOnlyForDeploymentPostprocessing = 0;
		};
/* End PBXFrameworksBuildPhase section */

/* Begin PBXGroup section */
		4B045A772D69D879007A2C4C = {
			isa = PBXGroup;
			children = (
				4B045AE02D69D943007A2C4C /* MessageListView */,
				4B045B372D69DCF8007A2C4C /* MessageListViewTests */,
				4B045B3B2D69DCFB007A2C4C /* MessageListViewUITests */,
				4B045A812D69D879007A2C4C /* Products */,
			);
			sourceTree = "<group>";
		};
		4B045A812D69D879007A2C4C /* Products */ = {
			isa = PBXGroup;
			children = (
				4B045A802D69D879007A2C4C /* MessageListViewExamleApp.app */,
				4B045A902D69D87A007A2C4C /* MessageListViewTests.xctest */,
				4B045A9A2D69D87A007A2C4C /* MessageListViewUITests.xctest */,
				4B045DDA2D6A2F52007A2C4C /* MessageListUI.framework */,
				4B045DEE2D6A2F61007A2C4C /* MessageListInterface.framework */,
				4B045E012D6A2F6F007A2C4C /* MessageListFeature.framework */,
			);
			name = Products;
			sourceTree = "<group>";
		};
		4B045AE02D69D943007A2C4C /* MessageListView */ = {
			isa = PBXGroup;
			children = (
				4B045B192D69DA23007A2C4C /* Source */,
				4B045B132D69DA1F007A2C4C /* Resources */,
				4B045B0E2D69DA1D007A2C4C /* WindowGroup */,
			);
			path = MessageListView;
			sourceTree = "<group>";
		};
		4B045B0E2D69DA1D007A2C4C /* WindowGroup */ = {
			isa = PBXGroup;
			children = (
				4B045B0D2D69DA1D007A2C4C /* MessageListViewApp.swift */,
			);
			path = WindowGroup;
			sourceTree = "<group>";
		};
		4B045B112D69DA1F007A2C4C /* Preview Content */ = {
			isa = PBXGroup;
			children = (
				4B045B102D69DA1F007A2C4C /* Preview Assets.xcassets */,
			);
			path = "Preview Content";
			sourceTree = "<group>";
		};
		4B045B132D69DA1F007A2C4C /* Resources */ = {
			isa = PBXGroup;
			children = (
				4B045B112D69DA1F007A2C4C /* Preview Content */,
				4B045B122D69DA1F007A2C4C /* Assets.xcassets */,
			);
			path = Resources;
			sourceTree = "<group>";
		};
		4B045B192D69DA23007A2C4C /* Source */ = {
			isa = PBXGroup;
			children = (
				4B045BE42D69DDDE007A2C4C /* ExampleApp */,
				4B045E112D6A2F81007A2C4C /* MessageListUI */,
				4B045E162D6A2F85007A2C4C /* MessageListInterface */,
				4B045E1B2D6A2F85007A2C4C /* MessageListFeature */,
			);
			path = Source;
			sourceTree = "<group>";
		};
		4B045B372D69DCF8007A2C4C /* MessageListViewTests */ = {
			isa = PBXGroup;
			children = (
				4B045B362D69DCF8007A2C4C /* MessageListViewTests.swift */,
			);
			path = MessageListViewTests;
			sourceTree = "<group>";
		};
		4B045B3B2D69DCFB007A2C4C /* MessageListViewUITests */ = {
			isa = PBXGroup;
			children = (
				4B045B392D69DCFB007A2C4C /* MessageListViewUITests.swift */,
				4B045B3A2D69DCFB007A2C4C /* MessageListViewUITestsLaunchTests.swift */,
			);
			path = MessageListViewUITests;
			sourceTree = "<group>";
		};
		4B045BE42D69DDDE007A2C4C /* ExampleApp */ = {
			isa = PBXGroup;
			children = (
			);
			path = ExampleApp;
			sourceTree = "<group>";
		};
		4B045E112D6A2F81007A2C4C /* MessageListUI */ = {
			isa = PBXGroup;
			children = (
			);
			path = MessageListUI;
			sourceTree = "<group>";
		};
		4B045E162D6A2F85007A2C4C /* MessageListInterface */ = {
			isa = PBXGroup;
			children = (
			);
			path = MessageListInterface;
			sourceTree = "<group>";
		};
		4B045E1B2D6A2F85007A2C4C /* MessageListFeature */ = {
			isa = PBXGroup;
			children = (
			);
			path = MessageListFeature;
			sourceTree = "<group>";
		};
/* End PBXGroup section */

/* Begin PBXHeadersBuildPhase section */
		4B045DD52D6A2F52007A2C4C /* Headers */ = {
			isa = PBXHeadersBuildPhase;
			buildActionMask = 2147483647;
			files = (
			);
			runOnlyForDeploymentPostprocessing = 0;
		};
		4B045DE92D6A2F61007A2C4C /* Headers */ = {
			isa = PBXHeadersBuildPhase;
			buildActionMask = 2147483647;
			files = (
			);
			runOnlyForDeploymentPostprocessing = 0;
		};
		4B045DFC2D6A2F6F007A2C4C /* Headers */ = {
			isa = PBXHeadersBuildPhase;
			buildActionMask = 2147483647;
			files = (
			);
			runOnlyForDeploymentPostprocessing = 0;
		};
/* End PBXHeadersBuildPhase section */

/* Begin PBXNativeTarget section */
		4B045A7F2D69D879007A2C4C /* MessageListViewExamleApp */ = {
			isa = PBXNativeTarget;
			buildConfigurationList = 4B045AA42D69D87A007A2C4C /* Build configuration list for PBXNativeTarget "MessageListViewExamleApp" */;
			buildPhases = (
				4B045A7C2D69D879007A2C4C /* Sources */,
				4B045A7D2D69D879007A2C4C /* Frameworks */,
				4B045A7E2D69D879007A2C4C /* Resources */,
				4B045DE82D6A2F52007A2C4C /* Embed Frameworks */,
			);
			buildRules = (
			);
			dependencies = (
				4B045DE12D6A2F52007A2C4C /* PBXTargetDependency */,
				4B045DF52D6A2F61007A2C4C /* PBXTargetDependency */,
				4B045E082D6A2F6F007A2C4C /* PBXTargetDependency */,
			);
			name = MessageListViewExamleApp;
			packageProductDependencies = (
			);
			productName = MessageListView;
			productReference = 4B045A802D69D879007A2C4C /* MessageListViewExamleApp.app */;
			productType = "com.apple.product-type.application";
		};
		4B045A8F2D69D87A007A2C4C /* MessageListViewTests */ = {
			isa = PBXNativeTarget;
			buildConfigurationList = 4B045AA72D69D87A007A2C4C /* Build configuration list for PBXNativeTarget "MessageListViewTests" */;
			buildPhases = (
				4B045A8C2D69D87A007A2C4C /* Sources */,
				4B045A8D2D69D87A007A2C4C /* Frameworks */,
				4B045A8E2D69D87A007A2C4C /* Resources */,
			);
			buildRules = (
			);
			dependencies = (
				4B045A922D69D87A007A2C4C /* PBXTargetDependency */,
			);
			name = MessageListViewTests;
			packageProductDependencies = (
			);
			productName = MessageListViewTests;
			productReference = 4B045A902D69D87A007A2C4C /* MessageListViewTests.xctest */;
			productType = "com.apple.product-type.bundle.unit-test";
		};
		4B045A992D69D87A007A2C4C /* MessageListViewUITests */ = {
			isa = PBXNativeTarget;
			buildConfigurationList = 4B045AAA2D69D87A007A2C4C /* Build configuration list for PBXNativeTarget "MessageListViewUITests" */;
			buildPhases = (
				4B045A962D69D87A007A2C4C /* Sources */,
				4B045A972D69D87A007A2C4C /* Frameworks */,
				4B045A982D69D87A007A2C4C /* Resources */,
			);
			buildRules = (
			);
			dependencies = (
				4B045A9C2D69D87A007A2C4C /* PBXTargetDependency */,
			);
			name = MessageListViewUITests;
			packageProductDependencies = (
			);
			productName = MessageListViewUITests;
			productReference = 4B045A9A2D69D87A007A2C4C /* MessageListViewUITests.xctest */;
			productType = "com.apple.product-type.bundle.ui-testing";
		};
		4B045DD92D6A2F52007A2C4C /* MessageListUI */ = {
			isa = PBXNativeTarget;
			buildConfigurationList = 4B045DE52D6A2F52007A2C4C /* Build configuration list for PBXNativeTarget "MessageListUI" */;
			buildPhases = (
				4B045DD52D6A2F52007A2C4C /* Headers */,
				4B045DD62D6A2F52007A2C4C /* Sources */,
				4B045DD72D6A2F52007A2C4C /* Frameworks */,
				4B045DD82D6A2F52007A2C4C /* Resources */,
			);
			buildRules = (
			);
			dependencies = (
			);
			name = MessageListUI;
			packageProductDependencies = (
			);
			productName = MessageListUI;
			productReference = 4B045DDA2D6A2F52007A2C4C /* MessageListUI.framework */;
			productType = "com.apple.product-type.framework";
		};
		4B045DED2D6A2F61007A2C4C /* MessageListInterface */ = {
			isa = PBXNativeTarget;
			buildConfigurationList = 4B045DF92D6A2F61007A2C4C /* Build configuration list for PBXNativeTarget "MessageListInterface" */;
			buildPhases = (
				4B045DE92D6A2F61007A2C4C /* Headers */,
				4B045DEA2D6A2F61007A2C4C /* Sources */,
				4B045DEB2D6A2F61007A2C4C /* Frameworks */,
				4B045DEC2D6A2F61007A2C4C /* Resources */,
			);
			buildRules = (
			);
			dependencies = (
			);
			name = MessageListInterface;
			packageProductDependencies = (
			);
			productName = MessageListInterface;
			productReference = 4B045DEE2D6A2F61007A2C4C /* MessageListInterface.framework */;
			productType = "com.apple.product-type.framework";
		};
		4B045E002D6A2F6F007A2C4C /* MessageListFeature */ = {
			isa = PBXNativeTarget;
			buildConfigurationList = 4B045E0C2D6A2F6F007A2C4C /* Build configuration list for PBXNativeTarget "MessageListFeature" */;
			buildPhases = (
				4B045DFC2D6A2F6F007A2C4C /* Headers */,
				4B045DFD2D6A2F6F007A2C4C /* Sources */,
				4B045DFE2D6A2F6F007A2C4C /* Frameworks */,
				4B045DFF2D6A2F6F007A2C4C /* Resources */,
			);
			buildRules = (
			);
			dependencies = (
			);
			name = MessageListFeature;
			packageProductDependencies = (
			);
			productName = MessageListFeature;
			productReference = 4B045E012D6A2F6F007A2C4C /* MessageListFeature.framework */;
			productType = "com.apple.product-type.framework";
		};
/* End PBXNativeTarget section */

/* Begin PBXProject section */
		4B045A782D69D879007A2C4C /* Project object */ = {
			isa = PBXProject;
			attributes = {
				BuildIndependentTargetsInParallel = 1;
				LastSwiftUpdateCheck = 1620;
				LastUpgradeCheck = 1620;
				TargetAttributes = {
					4B045A7F2D69D879007A2C4C = {
						CreatedOnToolsVersion = 16.2;
					};
					4B045A8F2D69D87A007A2C4C = {
						CreatedOnToolsVersion = 16.2;
						TestTargetID = 4B045A7F2D69D879007A2C4C;
					};
					4B045A992D69D87A007A2C4C = {
						CreatedOnToolsVersion = 16.2;
						TestTargetID = 4B045A7F2D69D879007A2C4C;
					};
					4B045DD92D6A2F52007A2C4C = {
						CreatedOnToolsVersion = 16.2;
					};
					4B045DED2D6A2F61007A2C4C = {
						CreatedOnToolsVersion = 16.2;
					};
					4B045E002D6A2F6F007A2C4C = {
						CreatedOnToolsVersion = 16.2;
					};
				};
			};
			buildConfigurationList = 4B045A7B2D69D879007A2C4C /* Build configuration list for PBXProject "MessageListView" */;
			developmentRegion = en;
			hasScannedForEncodings = 0;
			knownRegions = (
				en,
				Base,
			);
			mainGroup = 4B045A772D69D879007A2C4C;
			minimizedProjectReferenceProxies = 1;
			preferredProjectObjectVersion = 77;
			productRefGroup = 4B045A812D69D879007A2C4C /* Products */;
			projectDirPath = "";
			projectRoot = "";
			targets = (
				4B045A7F2D69D879007A2C4C /* MessageListViewExamleApp */,
				4B045A8F2D69D87A007A2C4C /* MessageListViewTests */,
				4B045A992D69D87A007A2C4C /* MessageListViewUITests */,
				4B045DD92D6A2F52007A2C4C /* MessageListUI */,
				4B045DED2D6A2F61007A2C4C /* MessageListInterface */,
				4B045E002D6A2F6F007A2C4C /* MessageListFeature */,
			);
		};
/* End PBXProject section */

/* Begin PBXResourcesBuildPhase section */
		4B045A7E2D69D879007A2C4C /* Resources */ = {
			isa = PBXResourcesBuildPhase;
			buildActionMask = 2147483647;
			files = (
				4B045B142D69DA1F007A2C4C /* Preview Assets.xcassets in Resources */,
				4B045B152D69DA1F007A2C4C /* Assets.xcassets in Resources */,
			);
			runOnlyForDeploymentPostprocessing = 0;
		};
		4B045A8E2D69D87A007A2C4C /* Resources */ = {
			isa = PBXResourcesBuildPhase;
			buildActionMask = 2147483647;
			files = (
			);
			runOnlyForDeploymentPostprocessing = 0;
		};
		4B045A982D69D87A007A2C4C /* Resources */ = {
			isa = PBXResourcesBuildPhase;
			buildActionMask = 2147483647;
			files = (
			);
			runOnlyForDeploymentPostprocessing = 0;
		};
		4B045DD82D6A2F52007A2C4C /* Resources */ = {
			isa = PBXResourcesBuildPhase;
			buildActionMask = 2147483647;
			files = (
			);
			runOnlyForDeploymentPostprocessing = 0;
		};
		4B045DEC2D6A2F61007A2C4C /* Resources */ = {
			isa = PBXResourcesBuildPhase;
			buildActionMask = 2147483647;
			files = (
			);
			runOnlyForDeploymentPostprocessing = 0;
		};
		4B045DFF2D6A2F6F007A2C4C /* Resources */ = {
			isa = PBXResourcesBuildPhase;
			buildActionMask = 2147483647;
			files = (
			);
			runOnlyForDeploymentPostprocessing = 0;
		};
/* End PBXResourcesBuildPhase section */

/* Begin PBXSourcesBuildPhase section */
		4B045A7C2D69D879007A2C4C /* Sources */ = {
			isa = PBXSourcesBuildPhase;
			buildActionMask = 2147483647;
			files = (
				4B045B0F2D69DA1D007A2C4C /* MessageListViewApp.swift in Sources */,
			);
			runOnlyForDeploymentPostprocessing = 0;
		};
		4B045A8C2D69D87A007A2C4C /* Sources */ = {
			isa = PBXSourcesBuildPhase;
			buildActionMask = 2147483647;
			files = (
				4B045B382D69DCF8007A2C4C /* MessageListViewTests.swift in Sources */,
			);
			runOnlyForDeploymentPostprocessing = 0;
		};
		4B045A962D69D87A007A2C4C /* Sources */ = {
			isa = PBXSourcesBuildPhase;
			buildActionMask = 2147483647;
			files = (
				4B045B3C2D69DCFB007A2C4C /* MessageListViewUITests.swift in Sources */,
				4B045B3D2D69DCFB007A2C4C /* MessageListViewUITestsLaunchTests.swift in Sources */,
			);
			runOnlyForDeploymentPostprocessing = 0;
		};
		4B045DD62D6A2F52007A2C4C /* Sources */ = {
			isa = PBXSourcesBuildPhase;
			buildActionMask = 2147483647;
			files = (
			);
			runOnlyForDeploymentPostprocessing = 0;
		};
		4B045DEA2D6A2F61007A2C4C /* Sources */ = {
			isa = PBXSourcesBuildPhase;
			buildActionMask = 2147483647;
			files = (
			);
			runOnlyForDeploymentPostprocessing = 0;
		};
		4B045DFD2D6A2F6F007A2C4C /* Sources */ = {
			isa = PBXSourcesBuildPhase;
			buildActionMask = 2147483647;
			files = (
			);
			runOnlyForDeploymentPostprocessing = 0;
		};
/* End PBXSourcesBuildPhase section */

/* Begin PBXTargetDependency section */
		4B045A922D69D87A007A2C4C /* PBXTargetDependency */ = {
			isa = PBXTargetDependency;
			target = 4B045A7F2D69D879007A2C4C /* MessageListViewExamleApp */;
			targetProxy = 4B045A912D69D87A007A2C4C /* PBXContainerItemProxy */;
		};
		4B045A9C2D69D87A007A2C4C /* PBXTargetDependency */ = {
			isa = PBXTargetDependency;
			target = 4B045A7F2D69D879007A2C4C /* MessageListViewExamleApp */;
			targetProxy = 4B045A9B2D69D87A007A2C4C /* PBXContainerItemProxy */;
		};
		4B045DE12D6A2F52007A2C4C /* PBXTargetDependency */ = {
			isa = PBXTargetDependency;
			target = 4B045DD92D6A2F52007A2C4C /* MessageListUI */;
			targetProxy = 4B045DE02D6A2F52007A2C4C /* PBXContainerItemProxy */;
		};
		4B045DF52D6A2F61007A2C4C /* PBXTargetDependency */ = {
			isa = PBXTargetDependency;
			target = 4B045DED2D6A2F61007A2C4C /* MessageListInterface */;
			targetProxy = 4B045DF42D6A2F61007A2C4C /* PBXContainerItemProxy */;
		};
		4B045E082D6A2F6F007A2C4C /* PBXTargetDependency */ = {
			isa = PBXTargetDependency;
			target = 4B045E002D6A2F6F007A2C4C /* MessageListFeature */;
			targetProxy = 4B045E072D6A2F6F007A2C4C /* PBXContainerItemProxy */;
		};
/* End PBXTargetDependency section */

/* Begin XCBuildConfiguration section */
		4B045AA22D69D87A007A2C4C /* Debug */ = {
			isa = XCBuildConfiguration;
			buildSettings = {
				ALWAYS_SEARCH_USER_PATHS = NO;
				ASSETCATALOG_COMPILER_GENERATE_SWIFT_ASSET_SYMBOL_EXTENSIONS = YES;
				CLANG_ANALYZER_NONNULL = YES;
				CLANG_ANALYZER_NUMBER_OBJECT_CONVERSION = YES_AGGRESSIVE;
				CLANG_CXX_LANGUAGE_STANDARD = "gnu++20";
				CLANG_ENABLE_MODULES = YES;
				CLANG_ENABLE_OBJC_ARC = YES;
				CLANG_ENABLE_OBJC_WEAK = YES;
				CLANG_WARN_BLOCK_CAPTURE_AUTORELEASING = YES;
				CLANG_WARN_BOOL_CONVERSION = YES;
				CLANG_WARN_COMMA = YES;
				CLANG_WARN_CONSTANT_CONVERSION = YES;
				CLANG_WARN_DEPRECATED_OBJC_IMPLEMENTATIONS = YES;
				CLANG_WARN_DIRECT_OBJC_ISA_USAGE = YES_ERROR;
				CLANG_WARN_DOCUMENTATION_COMMENTS = YES;
				CLANG_WARN_EMPTY_BODY = YES;
				CLANG_WARN_ENUM_CONVERSION = YES;
				CLANG_WARN_INFINITE_RECURSION = YES;
				CLANG_WARN_INT_CONVERSION = YES;
				CLANG_WARN_NON_LITERAL_NULL_CONVERSION = YES;
				CLANG_WARN_OBJC_IMPLICIT_RETAIN_SELF = YES;
				CLANG_WARN_OBJC_LITERAL_CONVERSION = YES;
				CLANG_WARN_OBJC_ROOT_CLASS = YES_ERROR;
				CLANG_WARN_QUOTED_INCLUDE_IN_FRAMEWORK_HEADER = YES;
				CLANG_WARN_RANGE_LOOP_ANALYSIS = YES;
				CLANG_WARN_STRICT_PROTOTYPES = YES;
				CLANG_WARN_SUSPICIOUS_MOVE = YES;
				CLANG_WARN_UNGUARDED_AVAILABILITY = YES_AGGRESSIVE;
				CLANG_WARN_UNREACHABLE_CODE = YES;
				CLANG_WARN__DUPLICATE_METHOD_MATCH = YES;
				COPY_PHASE_STRIP = NO;
				DEBUG_INFORMATION_FORMAT = dwarf;
				ENABLE_STRICT_OBJC_MSGSEND = YES;
				ENABLE_TESTABILITY = YES;
				ENABLE_USER_SCRIPT_SANDBOXING = YES;
				GCC_C_LANGUAGE_STANDARD = gnu17;
				GCC_DYNAMIC_NO_PIC = NO;
				GCC_NO_COMMON_BLOCKS = YES;
				GCC_OPTIMIZATION_LEVEL = 0;
				GCC_PREPROCESSOR_DEFINITIONS = (
					"DEBUG=1",
					"$(inherited)",
				);
				GCC_WARN_64_TO_32_BIT_CONVERSION = YES;
				GCC_WARN_ABOUT_RETURN_TYPE = YES_ERROR;
				GCC_WARN_UNDECLARED_SELECTOR = YES;
				GCC_WARN_UNINITIALIZED_AUTOS = YES_AGGRESSIVE;
				GCC_WARN_UNUSED_FUNCTION = YES;
				GCC_WARN_UNUSED_VARIABLE = YES;
				IPHONEOS_DEPLOYMENT_TARGET = 16.6;
				LOCALIZATION_PREFERS_STRING_CATALOGS = YES;
				MTL_ENABLE_DEBUG_INFO = INCLUDE_SOURCE;
				MTL_FAST_MATH = YES;
				ONLY_ACTIVE_ARCH = YES;
				SDKROOT = iphoneos;
				SWIFT_ACTIVE_COMPILATION_CONDITIONS = "DEBUG $(inherited)";
				SWIFT_OPTIMIZATION_LEVEL = "-Onone";
			};
			name = Debug;
		};
		4B045AA32D69D87A007A2C4C /* Release */ = {
			isa = XCBuildConfiguration;
			buildSettings = {
				ALWAYS_SEARCH_USER_PATHS = NO;
				ASSETCATALOG_COMPILER_GENERATE_SWIFT_ASSET_SYMBOL_EXTENSIONS = YES;
				CLANG_ANALYZER_NONNULL = YES;
				CLANG_ANALYZER_NUMBER_OBJECT_CONVERSION = YES_AGGRESSIVE;
				CLANG_CXX_LANGUAGE_STANDARD = "gnu++20";
				CLANG_ENABLE_MODULES = YES;
				CLANG_ENABLE_OBJC_ARC = YES;
				CLANG_ENABLE_OBJC_WEAK = YES;
				CLANG_WARN_BLOCK_CAPTURE_AUTORELEASING = YES;
				CLANG_WARN_BOOL_CONVERSION = YES;
				CLANG_WARN_COMMA = YES;
				CLANG_WARN_CONSTANT_CONVERSION = YES;
				CLANG_WARN_DEPRECATED_OBJC_IMPLEMENTATIONS = YES;
				CLANG_WARN_DIRECT_OBJC_ISA_USAGE = YES_ERROR;
				CLANG_WARN_DOCUMENTATION_COMMENTS = YES;
				CLANG_WARN_EMPTY_BODY = YES;
				CLANG_WARN_ENUM_CONVERSION = YES;
				CLANG_WARN_INFINITE_RECURSION = YES;
				CLANG_WARN_INT_CONVERSION = YES;
				CLANG_WARN_NON_LITERAL_NULL_CONVERSION = YES;
				CLANG_WARN_OBJC_IMPLICIT_RETAIN_SELF = YES;
				CLANG_WARN_OBJC_LITERAL_CONVERSION = YES;
				CLANG_WARN_OBJC_ROOT_CLASS = YES_ERROR;
				CLANG_WARN_QUOTED_INCLUDE_IN_FRAMEWORK_HEADER = YES;
				CLANG_WARN_RANGE_LOOP_ANALYSIS = YES;
				CLANG_WARN_STRICT_PROTOTYPES = YES;
				CLANG_WARN_SUSPICIOUS_MOVE = YES;
				CLANG_WARN_UNGUARDED_AVAILABILITY = YES_AGGRESSIVE;
				CLANG_WARN_UNREACHABLE_CODE = YES;
				CLANG_WARN__DUPLICATE_METHOD_MATCH = YES;
				COPY_PHASE_STRIP = NO;
				DEBUG_INFORMATION_FORMAT = "dwarf-with-dsym";
				ENABLE_NS_ASSERTIONS = NO;
				ENABLE_STRICT_OBJC_MSGSEND = YES;
				ENABLE_USER_SCRIPT_SANDBOXING = YES;
				GCC_C_LANGUAGE_STANDARD = gnu17;
				GCC_NO_COMMON_BLOCKS = YES;
				GCC_WARN_64_TO_32_BIT_CONVERSION = YES;
				GCC_WARN_ABOUT_RETURN_TYPE = YES_ERROR;
				GCC_WARN_UNDECLARED_SELECTOR = YES;
				GCC_WARN_UNINITIALIZED_AUTOS = YES_AGGRESSIVE;
				GCC_WARN_UNUSED_FUNCTION = YES;
				GCC_WARN_UNUSED_VARIABLE = YES;
				IPHONEOS_DEPLOYMENT_TARGET = 16.6;
				LOCALIZATION_PREFERS_STRING_CATALOGS = YES;
				MTL_ENABLE_DEBUG_INFO = NO;
				MTL_FAST_MATH = YES;
				SDKROOT = iphoneos;
				SWIFT_COMPILATION_MODE = wholemodule;
				VALIDATE_PRODUCT = YES;
			};
			name = Release;
		};
		4B045AA52D69D87A007A2C4C /* Debug */ = {
			isa = XCBuildConfiguration;
			buildSettings = {
				ASSETCATALOG_COMPILER_APPICON_NAME = AppIcon;
				ASSETCATALOG_COMPILER_GLOBAL_ACCENT_COLOR_NAME = AccentColor;
				CODE_SIGN_STYLE = Automatic;
				CURRENT_PROJECT_VERSION = 1;
				DEVELOPMENT_ASSET_PATHS = "\"MessageListView/Resources/Preview Content\"";
				DEVELOPMENT_TEAM = JA868URLCA;
				ENABLE_PREVIEWS = YES;
				GENERATE_INFOPLIST_FILE = YES;
				INFOPLIST_KEY_UIApplicationSceneManifest_Generation = YES;
				INFOPLIST_KEY_UIApplicationSupportsIndirectInputEvents = YES;
				INFOPLIST_KEY_UILaunchScreen_Generation = YES;
				INFOPLIST_KEY_UISupportedInterfaceOrientations_iPad = "UIInterfaceOrientationPortrait UIInterfaceOrientationPortraitUpsideDown UIInterfaceOrientationLandscapeLeft UIInterfaceOrientationLandscapeRight";
				INFOPLIST_KEY_UISupportedInterfaceOrientations_iPhone = "UIInterfaceOrientationPortrait UIInterfaceOrientationLandscapeLeft UIInterfaceOrientationLandscapeRight";
				IPHONEOS_DEPLOYMENT_TARGET = 16;
				LD_RUNPATH_SEARCH_PATHS = (
					"$(inherited)",
					"@executable_path/Frameworks",
				);
				MARKETING_VERSION = 1.0;
				PRODUCT_BUNDLE_IDENTIFIER = Gab.MessageListView;
				PRODUCT_NAME = "$(TARGET_NAME)";
				SWIFT_EMIT_LOC_STRINGS = YES;
				SWIFT_VERSION = 5.0;
				TARGETED_DEVICE_FAMILY = "1,2";
			};
			name = Debug;
		};
		4B045AA62D69D87A007A2C4C /* Release */ = {
			isa = XCBuildConfiguration;
			buildSettings = {
				ASSETCATALOG_COMPILER_APPICON_NAME = AppIcon;
				ASSETCATALOG_COMPILER_GLOBAL_ACCENT_COLOR_NAME = AccentColor;
				CODE_SIGN_STYLE = Automatic;
				CURRENT_PROJECT_VERSION = 1;
				DEVELOPMENT_ASSET_PATHS = "\"MessageListView/Resources/Preview Content\"";
				DEVELOPMENT_TEAM = JA868URLCA;
				ENABLE_PREVIEWS = YES;
				GENERATE_INFOPLIST_FILE = YES;
				INFOPLIST_KEY_UIApplicationSceneManifest_Generation = YES;
				INFOPLIST_KEY_UIApplicationSupportsIndirectInputEvents = YES;
				INFOPLIST_KEY_UILaunchScreen_Generation = YES;
				INFOPLIST_KEY_UISupportedInterfaceOrientations_iPad = "UIInterfaceOrientationPortrait UIInterfaceOrientationPortraitUpsideDown UIInterfaceOrientationLandscapeLeft UIInterfaceOrientationLandscapeRight";
				INFOPLIST_KEY_UISupportedInterfaceOrientations_iPhone = "UIInterfaceOrientationPortrait UIInterfaceOrientationLandscapeLeft UIInterfaceOrientationLandscapeRight";
				IPHONEOS_DEPLOYMENT_TARGET = 16;
				LD_RUNPATH_SEARCH_PATHS = (
					"$(inherited)",
					"@executable_path/Frameworks",
				);
				MARKETING_VERSION = 1.0;
				PRODUCT_BUNDLE_IDENTIFIER = Gab.MessageListView;
				PRODUCT_NAME = "$(TARGET_NAME)";
				SWIFT_EMIT_LOC_STRINGS = YES;
				SWIFT_VERSION = 5.0;
				TARGETED_DEVICE_FAMILY = "1,2";
			};
			name = Release;
		};
		4B045AA82D69D87A007A2C4C /* Debug */ = {
			isa = XCBuildConfiguration;
			buildSettings = {
				BUNDLE_LOADER = "$(TEST_HOST)";
				CODE_SIGN_STYLE = Automatic;
				CURRENT_PROJECT_VERSION = 1;
				DEVELOPMENT_TEAM = JA868URLCA;
				GENERATE_INFOPLIST_FILE = YES;
				IPHONEOS_DEPLOYMENT_TARGET = 16;
				MARKETING_VERSION = 1.0;
				PRODUCT_BUNDLE_IDENTIFIER = Gab.MessageListViewTests;
				PRODUCT_NAME = "$(TARGET_NAME)";
				SWIFT_EMIT_LOC_STRINGS = NO;
				SWIFT_VERSION = 5.0;
				TARGETED_DEVICE_FAMILY = "1,2";
				TEST_HOST = "$(BUILT_PRODUCTS_DIR)/MessageListView.app/$(BUNDLE_EXECUTABLE_FOLDER_PATH)/MessageListView";
			};
			name = Debug;
		};
		4B045AA92D69D87A007A2C4C /* Release */ = {
			isa = XCBuildConfiguration;
			buildSettings = {
				BUNDLE_LOADER = "$(TEST_HOST)";
				CODE_SIGN_STYLE = Automatic;
				CURRENT_PROJECT_VERSION = 1;
				DEVELOPMENT_TEAM = JA868URLCA;
				GENERATE_INFOPLIST_FILE = YES;
				IPHONEOS_DEPLOYMENT_TARGET = 16;
				MARKETING_VERSION = 1.0;
				PRODUCT_BUNDLE_IDENTIFIER = Gab.MessageListViewTests;
				PRODUCT_NAME = "$(TARGET_NAME)";
				SWIFT_EMIT_LOC_STRINGS = NO;
				SWIFT_VERSION = 5.0;
				TARGETED_DEVICE_FAMILY = "1,2";
				TEST_HOST = "$(BUILT_PRODUCTS_DIR)/MessageListView.app/$(BUNDLE_EXECUTABLE_FOLDER_PATH)/MessageListView";
			};
			name = Release;
		};
		4B045AAB2D69D87A007A2C4C /* Debug */ = {
			isa = XCBuildConfiguration;
			buildSettings = {
				CODE_SIGN_STYLE = Automatic;
				CURRENT_PROJECT_VERSION = 1;
				DEVELOPMENT_TEAM = JA868URLCA;
				GENERATE_INFOPLIST_FILE = YES;
				IPHONEOS_DEPLOYMENT_TARGET = 16;
				MARKETING_VERSION = 1.0;
				PRODUCT_BUNDLE_IDENTIFIER = Gab.MessageListViewUITests;
				PRODUCT_NAME = "$(TARGET_NAME)";
				SWIFT_EMIT_LOC_STRINGS = NO;
				SWIFT_VERSION = 5.0;
				TARGETED_DEVICE_FAMILY = "1,2";
				TEST_TARGET_NAME = MessageListView;
			};
			name = Debug;
		};
		4B045AAC2D69D87A007A2C4C /* Release */ = {
			isa = XCBuildConfiguration;
			buildSettings = {
				CODE_SIGN_STYLE = Automatic;
				CURRENT_PROJECT_VERSION = 1;
				DEVELOPMENT_TEAM = JA868URLCA;
				GENERATE_INFOPLIST_FILE = YES;
				IPHONEOS_DEPLOYMENT_TARGET = 16;
				MARKETING_VERSION = 1.0;
				PRODUCT_BUNDLE_IDENTIFIER = Gab.MessageListViewUITests;
				PRODUCT_NAME = "$(TARGET_NAME)";
				SWIFT_EMIT_LOC_STRINGS = NO;
				SWIFT_VERSION = 5.0;
				TARGETED_DEVICE_FAMILY = "1,2";
				TEST_TARGET_NAME = MessageListView;
			};
			name = Release;
		};
		4B045DE62D6A2F52007A2C4C /* Debug */ = {
			isa = XCBuildConfiguration;
			buildSettings = {
				BUILD_LIBRARY_FOR_DISTRIBUTION = YES;
				CODE_SIGN_STYLE = Automatic;
				CURRENT_PROJECT_VERSION = 1;
				DEFINES_MODULE = YES;
				DEVELOPMENT_TEAM = JA868URLCA;
				DYLIB_COMPATIBILITY_VERSION = 1;
				DYLIB_CURRENT_VERSION = 1;
				DYLIB_INSTALL_NAME_BASE = "@rpath";
				ENABLE_MODULE_VERIFIER = YES;
				GENERATE_INFOPLIST_FILE = YES;
				INFOPLIST_KEY_NSHumanReadableCopyright = "";
				INSTALL_PATH = "$(LOCAL_LIBRARY_DIR)/Frameworks";
				IPHONEOS_DEPLOYMENT_TARGET = 18.2;
				LD_RUNPATH_SEARCH_PATHS = (
					"$(inherited)",
					"@executable_path/Frameworks",
					"@loader_path/Frameworks",
				);
				MARKETING_VERSION = 1.0;
				MODULE_VERIFIER_SUPPORTED_LANGUAGES = "objective-c objective-c++";
				MODULE_VERIFIER_SUPPORTED_LANGUAGE_STANDARDS = "gnu17 gnu++20";
				PRODUCT_BUNDLE_IDENTIFIER = com.SimSangGab.Architecture.MessageListUI;
				PRODUCT_NAME = "$(TARGET_NAME:c99extidentifier)";
				SKIP_INSTALL = YES;
				SWIFT_EMIT_LOC_STRINGS = YES;
				SWIFT_INSTALL_OBJC_HEADER = NO;
				SWIFT_VERSION = 5.0;
				TARGETED_DEVICE_FAMILY = "1,2";
				VERSIONING_SYSTEM = "apple-generic";
				VERSION_INFO_PREFIX = "";
			};
			name = Debug;
		};
		4B045DE72D6A2F52007A2C4C /* Release */ = {
			isa = XCBuildConfiguration;
			buildSettings = {
				BUILD_LIBRARY_FOR_DISTRIBUTION = YES;
				CODE_SIGN_STYLE = Automatic;
				CURRENT_PROJECT_VERSION = 1;
				DEFINES_MODULE = YES;
				DEVELOPMENT_TEAM = JA868URLCA;
				DYLIB_COMPATIBILITY_VERSION = 1;
				DYLIB_CURRENT_VERSION = 1;
				DYLIB_INSTALL_NAME_BASE = "@rpath";
				ENABLE_MODULE_VERIFIER = YES;
				GENERATE_INFOPLIST_FILE = YES;
				INFOPLIST_KEY_NSHumanReadableCopyright = "";
				INSTALL_PATH = "$(LOCAL_LIBRARY_DIR)/Frameworks";
				IPHONEOS_DEPLOYMENT_TARGET = 18.2;
				LD_RUNPATH_SEARCH_PATHS = (
					"$(inherited)",
					"@executable_path/Frameworks",
					"@loader_path/Frameworks",
				);
				MARKETING_VERSION = 1.0;
				MODULE_VERIFIER_SUPPORTED_LANGUAGES = "objective-c objective-c++";
				MODULE_VERIFIER_SUPPORTED_LANGUAGE_STANDARDS = "gnu17 gnu++20";
				PRODUCT_BUNDLE_IDENTIFIER = com.SimSangGab.Architecture.MessageListUI;
				PRODUCT_NAME = "$(TARGET_NAME:c99extidentifier)";
				SKIP_INSTALL = YES;
				SWIFT_EMIT_LOC_STRINGS = YES;
				SWIFT_INSTALL_OBJC_HEADER = NO;
				SWIFT_VERSION = 5.0;
				TARGETED_DEVICE_FAMILY = "1,2";
				VERSIONING_SYSTEM = "apple-generic";
				VERSION_INFO_PREFIX = "";
			};
			name = Release;
		};
		4B045DFA2D6A2F61007A2C4C /* Debug */ = {
			isa = XCBuildConfiguration;
			buildSettings = {
				BUILD_LIBRARY_FOR_DISTRIBUTION = YES;
				CODE_SIGN_STYLE = Automatic;
				CURRENT_PROJECT_VERSION = 1;
				DEFINES_MODULE = YES;
				DEVELOPMENT_TEAM = JA868URLCA;
				DYLIB_COMPATIBILITY_VERSION = 1;
				DYLIB_CURRENT_VERSION = 1;
				DYLIB_INSTALL_NAME_BASE = "@rpath";
				ENABLE_MODULE_VERIFIER = YES;
				GENERATE_INFOPLIST_FILE = YES;
				INFOPLIST_KEY_NSHumanReadableCopyright = "";
				INSTALL_PATH = "$(LOCAL_LIBRARY_DIR)/Frameworks";
				IPHONEOS_DEPLOYMENT_TARGET = 18.2;
				LD_RUNPATH_SEARCH_PATHS = (
					"$(inherited)",
					"@executable_path/Frameworks",
					"@loader_path/Frameworks",
				);
				MARKETING_VERSION = 1.0;
				MODULE_VERIFIER_SUPPORTED_LANGUAGES = "objective-c objective-c++";
				MODULE_VERIFIER_SUPPORTED_LANGUAGE_STANDARDS = "gnu17 gnu++20";
				PRODUCT_BUNDLE_IDENTIFIER = com.SimSangGab.Architecture.MessageListInterface;
				PRODUCT_NAME = "$(TARGET_NAME:c99extidentifier)";
				SKIP_INSTALL = YES;
				SWIFT_EMIT_LOC_STRINGS = YES;
				SWIFT_INSTALL_OBJC_HEADER = NO;
				SWIFT_VERSION = 5.0;
				TARGETED_DEVICE_FAMILY = "1,2";
				VERSIONING_SYSTEM = "apple-generic";
				VERSION_INFO_PREFIX = "";
			};
			name = Debug;
		};
		4B045DFB2D6A2F61007A2C4C /* Release */ = {
			isa = XCBuildConfiguration;
			buildSettings = {
				BUILD_LIBRARY_FOR_DISTRIBUTION = YES;
				CODE_SIGN_STYLE = Automatic;
				CURRENT_PROJECT_VERSION = 1;
				DEFINES_MODULE = YES;
				DEVELOPMENT_TEAM = JA868URLCA;
				DYLIB_COMPATIBILITY_VERSION = 1;
				DYLIB_CURRENT_VERSION = 1;
				DYLIB_INSTALL_NAME_BASE = "@rpath";
				ENABLE_MODULE_VERIFIER = YES;
				GENERATE_INFOPLIST_FILE = YES;
				INFOPLIST_KEY_NSHumanReadableCopyright = "";
				INSTALL_PATH = "$(LOCAL_LIBRARY_DIR)/Frameworks";
				IPHONEOS_DEPLOYMENT_TARGET = 18.2;
				LD_RUNPATH_SEARCH_PATHS = (
					"$(inherited)",
					"@executable_path/Frameworks",
					"@loader_path/Frameworks",
				);
				MARKETING_VERSION = 1.0;
				MODULE_VERIFIER_SUPPORTED_LANGUAGES = "objective-c objective-c++";
				MODULE_VERIFIER_SUPPORTED_LANGUAGE_STANDARDS = "gnu17 gnu++20";
				PRODUCT_BUNDLE_IDENTIFIER = com.SimSangGab.Architecture.MessageListInterface;
				PRODUCT_NAME = "$(TARGET_NAME:c99extidentifier)";
				SKIP_INSTALL = YES;
				SWIFT_EMIT_LOC_STRINGS = YES;
				SWIFT_INSTALL_OBJC_HEADER = NO;
				SWIFT_VERSION = 5.0;
				TARGETED_DEVICE_FAMILY = "1,2";
				VERSIONING_SYSTEM = "apple-generic";
				VERSION_INFO_PREFIX = "";
			};
			name = Release;
		};
		4B045E0D2D6A2F6F007A2C4C /* Debug */ = {
			isa = XCBuildConfiguration;
			buildSettings = {
				BUILD_LIBRARY_FOR_DISTRIBUTION = YES;
				CODE_SIGN_STYLE = Automatic;
				CURRENT_PROJECT_VERSION = 1;
				DEFINES_MODULE = YES;
				DEVELOPMENT_TEAM = JA868URLCA;
				DYLIB_COMPATIBILITY_VERSION = 1;
				DYLIB_CURRENT_VERSION = 1;
				DYLIB_INSTALL_NAME_BASE = "@rpath";
				ENABLE_MODULE_VERIFIER = YES;
				GENERATE_INFOPLIST_FILE = YES;
				INFOPLIST_KEY_NSHumanReadableCopyright = "";
				INSTALL_PATH = "$(LOCAL_LIBRARY_DIR)/Frameworks";
				IPHONEOS_DEPLOYMENT_TARGET = 18.2;
				LD_RUNPATH_SEARCH_PATHS = (
					"$(inherited)",
					"@executable_path/Frameworks",
					"@loader_path/Frameworks",
				);
				MARKETING_VERSION = 1.0;
				MODULE_VERIFIER_SUPPORTED_LANGUAGES = "objective-c objective-c++";
				MODULE_VERIFIER_SUPPORTED_LANGUAGE_STANDARDS = "gnu17 gnu++20";
				PRODUCT_BUNDLE_IDENTIFIER = com.SimSangGab.Architecture.MessageListFeature;
				PRODUCT_NAME = "$(TARGET_NAME:c99extidentifier)";
				SKIP_INSTALL = YES;
				SWIFT_EMIT_LOC_STRINGS = YES;
				SWIFT_INSTALL_OBJC_HEADER = NO;
				SWIFT_VERSION = 5.0;
				TARGETED_DEVICE_FAMILY = "1,2";
				VERSIONING_SYSTEM = "apple-generic";
				VERSION_INFO_PREFIX = "";
			};
			name = Debug;
		};
		4B045E0E2D6A2F6F007A2C4C /* Release */ = {
			isa = XCBuildConfiguration;
			buildSettings = {
				BUILD_LIBRARY_FOR_DISTRIBUTION = YES;
				CODE_SIGN_STYLE = Automatic;
				CURRENT_PROJECT_VERSION = 1;
				DEFINES_MODULE = YES;
				DEVELOPMENT_TEAM = JA868URLCA;
				DYLIB_COMPATIBILITY_VERSION = 1;
				DYLIB_CURRENT_VERSION = 1;
				DYLIB_INSTALL_NAME_BASE = "@rpath";
				ENABLE_MODULE_VERIFIER = YES;
				GENERATE_INFOPLIST_FILE = YES;
				INFOPLIST_KEY_NSHumanReadableCopyright = "";
				INSTALL_PATH = "$(LOCAL_LIBRARY_DIR)/Frameworks";
				IPHONEOS_DEPLOYMENT_TARGET = 18.2;
				LD_RUNPATH_SEARCH_PATHS = (
					"$(inherited)",
					"@executable_path/Frameworks",
					"@loader_path/Frameworks",
				);
				MARKETING_VERSION = 1.0;
				MODULE_VERIFIER_SUPPORTED_LANGUAGES = "objective-c objective-c++";
				MODULE_VERIFIER_SUPPORTED_LANGUAGE_STANDARDS = "gnu17 gnu++20";
				PRODUCT_BUNDLE_IDENTIFIER = com.SimSangGab.Architecture.MessageListFeature;
				PRODUCT_NAME = "$(TARGET_NAME:c99extidentifier)";
				SKIP_INSTALL = YES;
				SWIFT_EMIT_LOC_STRINGS = YES;
				SWIFT_INSTALL_OBJC_HEADER = NO;
				SWIFT_VERSION = 5.0;
				TARGETED_DEVICE_FAMILY = "1,2";
				VERSIONING_SYSTEM = "apple-generic";
				VERSION_INFO_PREFIX = "";
			};
			name = Release;
		};
/* End XCBuildConfiguration section */

/* Begin XCConfigurationList section */
		4B045A7B2D69D879007A2C4C /* Build configuration list for PBXProject "MessageListView" */ = {
			isa = XCConfigurationList;
			buildConfigurations = (
				4B045AA22D69D87A007A2C4C /* Debug */,
				4B045AA32D69D87A007A2C4C /* Release */,
			);
			defaultConfigurationIsVisible = 0;
			defaultConfigurationName = Release;
		};
		4B045AA42D69D87A007A2C4C /* Build configuration list for PBXNativeTarget "MessageListViewExamleApp" */ = {
			isa = XCConfigurationList;
			buildConfigurations = (
				4B045AA52D69D87A007A2C4C /* Debug */,
				4B045AA62D69D87A007A2C4C /* Release */,
			);
			defaultConfigurationIsVisible = 0;
			defaultConfigurationName = Release;
		};
		4B045AA72D69D87A007A2C4C /* Build configuration list for PBXNativeTarget "MessageListViewTests" */ = {
			isa = XCConfigurationList;
			buildConfigurations = (
				4B045AA82D69D87A007A2C4C /* Debug */,
				4B045AA92D69D87A007A2C4C /* Release */,
			);
			defaultConfigurationIsVisible = 0;
			defaultConfigurationName = Release;
		};
		4B045AAA2D69D87A007A2C4C /* Build configuration list for PBXNativeTarget "MessageListViewUITests" */ = {
			isa = XCConfigurationList;
			buildConfigurations = (
				4B045AAB2D69D87A007A2C4C /* Debug */,
				4B045AAC2D69D87A007A2C4C /* Release */,
			);
			defaultConfigurationIsVisible = 0;
			defaultConfigurationName = Release;
		};
		4B045DE52D6A2F52007A2C4C /* Build configuration list for PBXNativeTarget "MessageListUI" */ = {
			isa = XCConfigurationList;
			buildConfigurations = (
				4B045DE62D6A2F52007A2C4C /* Debug */,
				4B045DE72D6A2F52007A2C4C /* Release */,
			);
			defaultConfigurationIsVisible = 0;
			defaultConfigurationName = Release;
		};
		4B045DF92D6A2F61007A2C4C /* Build configuration list for PBXNativeTarget "MessageListInterface" */ = {
			isa = XCConfigurationList;
			buildConfigurations = (
				4B045DFA2D6A2F61007A2C4C /* Debug */,
				4B045DFB2D6A2F61007A2C4C /* Release */,
			);
			defaultConfigurationIsVisible = 0;
			defaultConfigurationName = Release;
		};
		4B045E0C2D6A2F6F007A2C4C /* Build configuration list for PBXNativeTarget "MessageListFeature" */ = {
			isa = XCConfigurationList;
			buildConfigurations = (
				4B045E0D2D6A2F6F007A2C4C /* Debug */,
				4B045E0E2D6A2F6F007A2C4C /* Release */,
			);
			defaultConfigurationIsVisible = 0;
			defaultConfigurationName = Release;
		};
/* End XCConfigurationList section */
	};
	rootObject = 4B045A782D69D879007A2C4C /* Project object */;
}
