// !$*UTF8*$!
{
	archiveVersion = 1;
	classes = {
	};
	objectVersion = 77;
	objects = {

/* Begin PBXBuildFile section */
		EFC255122D66B002005A18CD /* ThirdViewUI.framework in Frameworks */ = {isa = PBXBuildFile; fileRef = EFC2550A2D66B002005A18CD /* ThirdViewUI.framework */; };
		EFC255132D66B002005A18CD /* ThirdViewUI.framework in Embed Frameworks */ = {isa = PBXBuildFile; fileRef = EFC2550A2D66B002005A18CD /* ThirdViewUI.framework */; settings = {ATTRIBUTES = (CodeSignOnCopy, RemoveHeadersOnCopy, ); }; };
		EFC257CC2D671674005A18CD /* ThirdMainView.swift in Sources */ = {isa = PBXBuildFile; fileRef = EFC257C72D67166E005A18CD /* ThirdMainView.swift */; };
		EFD0FDF02D65B2B0004E7201 /* ThirdViewInterface.framework in Frameworks */ = {isa = PBXBuildFile; fileRef = EFD0FDE82D65B2B0004E7201 /* ThirdViewInterface.framework */; };
		EFD0FDF12D65B2B0004E7201 /* ThirdViewInterface.framework in Embed Frameworks */ = {isa = PBXBuildFile; fileRef = EFD0FDE82D65B2B0004E7201 /* ThirdViewInterface.framework */; settings = {ATTRIBUTES = (CodeSignOnCopy, RemoveHeadersOnCopy, ); }; };
		EFD0FEAD2D65B3DD004E7201 /* ThirdViewTesting.framework in Frameworks */ = {isa = PBXBuildFile; fileRef = EFD0FEA52D65B3DD004E7201 /* ThirdViewTesting.framework */; };
		EFD0FEAE2D65B3DD004E7201 /* ThirdViewTesting.framework in Embed Frameworks */ = {isa = PBXBuildFile; fileRef = EFD0FEA52D65B3DD004E7201 /* ThirdViewTesting.framework */; settings = {ATTRIBUTES = (CodeSignOnCopy, RemoveHeadersOnCopy, ); }; };
		EFD0FEDB2D65B450004E7201 /* Preview Assets.xcassets in Resources */ = {isa = PBXBuildFile; fileRef = EFD0FED42D65B450004E7201 /* Preview Assets.xcassets */; };
		EFD0FEDC2D65B450004E7201 /* Assets.xcassets in Resources */ = {isa = PBXBuildFile; fileRef = EFD0FED62D65B450004E7201 /* Assets.xcassets */; };
		EFD0FEDD2D65B450004E7201 /* ThirdView.swift in Sources */ = {isa = PBXBuildFile; fileRef = EFD0FEC52D65B450004E7201 /* ThirdView.swift */; };
		EFD0FEE32D65B450004E7201 /* ThirdViewAppApp.swift in Sources */ = {isa = PBXBuildFile; fileRef = EFD0FED82D65B450004E7201 /* ThirdViewAppApp.swift */; };
		EFD0FEE42D65B450004E7201 /* ThirdViewAppTests.swift in Sources */ = {isa = PBXBuildFile; fileRef = EFD0FEC82D65B450004E7201 /* ThirdViewAppTests.swift */; };
		EFD0FEE52D65B450004E7201 /* ThirdViewAppUITests.swift in Sources */ = {isa = PBXBuildFile; fileRef = EFD0FECA2D65B450004E7201 /* ThirdViewAppUITests.swift */; };
		EFD0FEE62D65B450004E7201 /* ThirdViewAppUITestsLaunchTests.swift in Sources */ = {isa = PBXBuildFile; fileRef = EFD0FECB2D65B450004E7201 /* ThirdViewAppUITestsLaunchTests.swift */; };
		EFD0FEE72D65B450004E7201 /* ThirdViewInterface.h in Headers */ = {isa = PBXBuildFile; fileRef = EFD0FECE2D65B450004E7201 /* ThirdViewInterface.h */; settings = {ATTRIBUTES = (Public, ); }; };
		EFD0FEE82D65B450004E7201 /* ThirdViewInterface.docc in Sources */ = {isa = PBXBuildFile; fileRef = EFD0FECF2D65B450004E7201 /* ThirdViewInterface.docc */; };
		EFD0FEE92D65B450004E7201 /* ThirdViewTesting.docc in Sources */ = {isa = PBXBuildFile; fileRef = EFD0FED22D65B450004E7201 /* ThirdViewTesting.docc */; };
		EFD0FEEA2D65B450004E7201 /* ThirdViewTesting.h in Headers */ = {isa = PBXBuildFile; fileRef = EFD0FED12D65B450004E7201 /* ThirdViewTesting.h */; settings = {ATTRIBUTES = (Public, ); }; };
/* End PBXBuildFile section */

/* Begin PBXContainerItemProxy section */
		EFBD14772D6446340090B457 /* PBXContainerItemProxy */ = {
			isa = PBXContainerItemProxy;
			containerPortal = EFBD145E2D6446320090B457 /* Project object */;
			proxyType = 1;
			remoteGlobalIDString = EFBD14652D6446320090B457;
			remoteInfo = ThirdViewApp;
		};
		EFBD14812D6446340090B457 /* PBXContainerItemProxy */ = {
			isa = PBXContainerItemProxy;
			containerPortal = EFBD145E2D6446320090B457 /* Project object */;
			proxyType = 1;
			remoteGlobalIDString = EFBD14652D6446320090B457;
			remoteInfo = ThirdViewApp;
		};
		EFC255102D66B002005A18CD /* PBXContainerItemProxy */ = {
			isa = PBXContainerItemProxy;
			containerPortal = EFBD145E2D6446320090B457 /* Project object */;
			proxyType = 1;
			remoteGlobalIDString = EFC255092D66B002005A18CD;
			remoteInfo = ThirdViewUI;
		};
		EFD0FDEE2D65B2B0004E7201 /* PBXContainerItemProxy */ = {
			isa = PBXContainerItemProxy;
			containerPortal = EFBD145E2D6446320090B457 /* Project object */;
			proxyType = 1;
			remoteGlobalIDString = EFD0FDE72D65B2B0004E7201;
			remoteInfo = ThirdViewInterface;
		};
		EFD0FEAB2D65B3DD004E7201 /* PBXContainerItemProxy */ = {
			isa = PBXContainerItemProxy;
			containerPortal = EFBD145E2D6446320090B457 /* Project object */;
			proxyType = 1;
			remoteGlobalIDString = EFD0FEA42D65B3DD004E7201;
			remoteInfo = ThirdViewTesting;
		};
/* End PBXContainerItemProxy section */

/* Begin PBXCopyFilesBuildPhase section */
		EFD0FDF22D65B2B0004E7201 /* Embed Frameworks */ = {
			isa = PBXCopyFilesBuildPhase;
			buildActionMask = 2147483647;
			dstPath = "";
			dstSubfolderSpec = 10;
			files = (
				EFD0FEAE2D65B3DD004E7201 /* ThirdViewTesting.framework in Embed Frameworks */,
				EFD0FDF12D65B2B0004E7201 /* ThirdViewInterface.framework in Embed Frameworks */,
				EFC255132D66B002005A18CD /* ThirdViewUI.framework in Embed Frameworks */,
			);
			name = "Embed Frameworks";
			runOnlyForDeploymentPostprocessing = 0;
		};
/* End PBXCopyFilesBuildPhase section */

/* Begin PBXFileReference section */
		EFBD14662D6446320090B457 /* ThirdViewApp.app */ = {isa = PBXFileReference; explicitFileType = wrapper.application; includeInIndex = 0; path = ThirdViewApp.app; sourceTree = BUILT_PRODUCTS_DIR; };
		EFBD14762D6446340090B457 /* ThirdViewAppTests.xctest */ = {isa = PBXFileReference; explicitFileType = wrapper.cfbundle; includeInIndex = 0; path = ThirdViewAppTests.xctest; sourceTree = BUILT_PRODUCTS_DIR; };
		EFBD14802D6446340090B457 /* ThirdViewAppUITests.xctest */ = {isa = PBXFileReference; explicitFileType = wrapper.cfbundle; includeInIndex = 0; path = ThirdViewAppUITests.xctest; sourceTree = BUILT_PRODUCTS_DIR; };
		EFC2550A2D66B002005A18CD /* ThirdViewUI.framework */ = {isa = PBXFileReference; explicitFileType = wrapper.framework; includeInIndex = 0; path = ThirdViewUI.framework; sourceTree = BUILT_PRODUCTS_DIR; };
		EFC257C72D67166E005A18CD /* ThirdMainView.swift */ = {isa = PBXFileReference; lastKnownFileType = sourcecode.swift; path = ThirdMainView.swift; sourceTree = "<group>"; };
		EFD0FDE82D65B2B0004E7201 /* ThirdViewInterface.framework */ = {isa = PBXFileReference; explicitFileType = wrapper.framework; includeInIndex = 0; path = ThirdViewInterface.framework; sourceTree = BUILT_PRODUCTS_DIR; };
		EFD0FEA52D65B3DD004E7201 /* ThirdViewTesting.framework */ = {isa = PBXFileReference; explicitFileType = wrapper.framework; includeInIndex = 0; path = ThirdViewTesting.framework; sourceTree = BUILT_PRODUCTS_DIR; };
		EFD0FEC52D65B450004E7201 /* ThirdView.swift */ = {isa = PBXFileReference; lastKnownFileType = sourcecode.swift; path = ThirdView.swift; sourceTree = "<group>"; };
		EFD0FEC82D65B450004E7201 /* ThirdViewAppTests.swift */ = {isa = PBXFileReference; lastKnownFileType = sourcecode.swift; path = ThirdViewAppTests.swift; sourceTree = "<group>"; };
		EFD0FECA2D65B450004E7201 /* ThirdViewAppUITests.swift */ = {isa = PBXFileReference; lastKnownFileType = sourcecode.swift; path = ThirdViewAppUITests.swift; sourceTree = "<group>"; };
		EFD0FECB2D65B450004E7201 /* ThirdViewAppUITestsLaunchTests.swift */ = {isa = PBXFileReference; lastKnownFileType = sourcecode.swift; path = ThirdViewAppUITestsLaunchTests.swift; sourceTree = "<group>"; };
		EFD0FECE2D65B450004E7201 /* ThirdViewInterface.h */ = {isa = PBXFileReference; lastKnownFileType = sourcecode.c.h; path = ThirdViewInterface.h; sourceTree = "<group>"; };
		EFD0FECF2D65B450004E7201 /* ThirdViewInterface.docc */ = {isa = PBXFileReference; lastKnownFileType = folder.documentationcatalog; path = ThirdViewInterface.docc; sourceTree = "<group>"; };
		EFD0FED12D65B450004E7201 /* ThirdViewTesting.h */ = {isa = PBXFileReference; lastKnownFileType = sourcecode.c.h; path = ThirdViewTesting.h; sourceTree = "<group>"; };
		EFD0FED22D65B450004E7201 /* ThirdViewTesting.docc */ = {isa = PBXFileReference; lastKnownFileType = folder.documentationcatalog; path = ThirdViewTesting.docc; sourceTree = "<group>"; };
		EFD0FED42D65B450004E7201 /* Preview Assets.xcassets */ = {isa = PBXFileReference; lastKnownFileType = folder.assetcatalog; path = "Preview Assets.xcassets"; sourceTree = "<group>"; };
		EFD0FED62D65B450004E7201 /* Assets.xcassets */ = {isa = PBXFileReference; lastKnownFileType = folder.assetcatalog; path = Assets.xcassets; sourceTree = "<group>"; };
		EFD0FED82D65B450004E7201 /* ThirdViewAppApp.swift */ = {isa = PBXFileReference; lastKnownFileType = sourcecode.swift; path = ThirdViewAppApp.swift; sourceTree = "<group>"; };
/* End PBXFileReference section */

/* Begin PBXFrameworksBuildPhase section */
		EFBD14632D6446320090B457 /* Frameworks */ = {
			isa = PBXFrameworksBuildPhase;
			buildActionMask = 2147483647;
			files = (
				EFD0FEAD2D65B3DD004E7201 /* ThirdViewTesting.framework in Frameworks */,
				EFD0FDF02D65B2B0004E7201 /* ThirdViewInterface.framework in Frameworks */,
				EFC255122D66B002005A18CD /* ThirdViewUI.framework in Frameworks */,
			);
			runOnlyForDeploymentPostprocessing = 0;
		};
		EFBD14732D6446340090B457 /* Frameworks */ = {
			isa = PBXFrameworksBuildPhase;
			buildActionMask = 2147483647;
			files = (
			);
			runOnlyForDeploymentPostprocessing = 0;
		};
		EFBD147D2D6446340090B457 /* Frameworks */ = {
			isa = PBXFrameworksBuildPhase;
			buildActionMask = 2147483647;
			files = (
			);
			runOnlyForDeploymentPostprocessing = 0;
		};
		EFC255072D66B002005A18CD /* Frameworks */ = {
			isa = PBXFrameworksBuildPhase;
			buildActionMask = 2147483647;
			files = (
			);
			runOnlyForDeploymentPostprocessing = 0;
		};
		EFD0FDE52D65B2B0004E7201 /* Frameworks */ = {
			isa = PBXFrameworksBuildPhase;
			buildActionMask = 2147483647;
			files = (
			);
			runOnlyForDeploymentPostprocessing = 0;
		};
		EFD0FEA22D65B3DD004E7201 /* Frameworks */ = {
			isa = PBXFrameworksBuildPhase;
			buildActionMask = 2147483647;
			files = (
			);
			runOnlyForDeploymentPostprocessing = 0;
		};
/* End PBXFrameworksBuildPhase section */

/* Begin PBXGroup section */
		EFBD145D2D6446320090B457 = {
			isa = PBXGroup;
			children = (
				EFD0FEDA2D65B450004E7201 /* ThirdViewApp */,
				EFBD14672D6446320090B457 /* Products */,
			);
			sourceTree = "<group>";
		};
		EFBD14672D6446320090B457 /* Products */ = {
			isa = PBXGroup;
			children = (
				EFBD14662D6446320090B457 /* ThirdViewApp.app */,
				EFBD14762D6446340090B457 /* ThirdViewAppTests.xctest */,
				EFBD14802D6446340090B457 /* ThirdViewAppUITests.xctest */,
				EFD0FDE82D65B2B0004E7201 /* ThirdViewInterface.framework */,
				EFD0FEA52D65B3DD004E7201 /* ThirdViewTesting.framework */,
				EFC2550A2D66B002005A18CD /* ThirdViewUI.framework */,
			);
			name = Products;
			sourceTree = "<group>";
		};
		EFC2551A2D66B008005A18CD /* ThirdViewUI */ = {
			isa = PBXGroup;
			children = (
				EFC257CB2D67166E005A18CD /* Features */,
			);
			path = ThirdViewUI;
			sourceTree = "<group>";
		};
		EFC257C82D67166E005A18CD /* UI */ = {
			isa = PBXGroup;
			children = (
				EFC257C72D67166E005A18CD /* ThirdMainView.swift */,
			);
			path = UI;
			sourceTree = "<group>";
		};
		EFC257C92D67166E005A18CD /* Sources */ = {
			isa = PBXGroup;
			children = (
				EFC257C82D67166E005A18CD /* UI */,
			);
			path = Sources;
			sourceTree = "<group>";
		};
		EFC257CA2D67166E005A18CD /* ThirdView */ = {
			isa = PBXGroup;
			children = (
				EFC257C92D67166E005A18CD /* Sources */,
			);
			path = ThirdView;
			sourceTree = "<group>";
		};
		EFC257CB2D67166E005A18CD /* Features */ = {
			isa = PBXGroup;
			children = (
				EFC257CA2D67166E005A18CD /* ThirdView */,
			);
			name = Features;
			path = ../../../../Features/Features/Features;
			sourceTree = "<group>";
		};
		EFD0FEC62D65B450004E7201 /* Scene */ = {
			isa = PBXGroup;
			children = (
				EFD0FEC52D65B450004E7201 /* ThirdView.swift */,
			);
			path = Scene;
			sourceTree = "<group>";
		};
		EFD0FEC72D65B450004E7201 /* Sources */ = {
			isa = PBXGroup;
			children = (
				EFD0FEC62D65B450004E7201 /* Scene */,
			);
			path = Sources;
			sourceTree = "<group>";
		};
		EFD0FEC92D65B450004E7201 /* ThirdViewAppTests */ = {
			isa = PBXGroup;
			children = (
				EFD0FEC82D65B450004E7201 /* ThirdViewAppTests.swift */,
			);
			path = ThirdViewAppTests;
			sourceTree = "<group>";
		};
		EFD0FECC2D65B450004E7201 /* ThirdViewAppUITests */ = {
			isa = PBXGroup;
			children = (
				EFD0FECA2D65B450004E7201 /* ThirdViewAppUITests.swift */,
				EFD0FECB2D65B450004E7201 /* ThirdViewAppUITestsLaunchTests.swift */,
			);
			path = ThirdViewAppUITests;
			sourceTree = "<group>";
		};
		EFD0FECD2D65B450004E7201 /* Tests */ = {
			isa = PBXGroup;
			children = (
				EFD0FEC92D65B450004E7201 /* ThirdViewAppTests */,
				EFD0FECC2D65B450004E7201 /* ThirdViewAppUITests */,
			);
			path = Tests;
			sourceTree = "<group>";
		};
		EFD0FED02D65B450004E7201 /* ThirdViewInterface */ = {
			isa = PBXGroup;
			children = (
				EFD0FECE2D65B450004E7201 /* ThirdViewInterface.h */,
				EFD0FECF2D65B450004E7201 /* ThirdViewInterface.docc */,
			);
			path = ThirdViewInterface;
			sourceTree = "<group>";
		};
		EFD0FED32D65B450004E7201 /* ThirdViewTesting */ = {
			isa = PBXGroup;
			children = (
				EFD0FED12D65B450004E7201 /* ThirdViewTesting.h */,
				EFD0FED22D65B450004E7201 /* ThirdViewTesting.docc */,
			);
			path = ThirdViewTesting;
			sourceTree = "<group>";
		};
		EFD0FED52D65B450004E7201 /* Preview Content */ = {
			isa = PBXGroup;
			children = (
				EFD0FED42D65B450004E7201 /* Preview Assets.xcassets */,
			);
			path = "Preview Content";
			sourceTree = "<group>";
		};
		EFD0FED72D65B450004E7201 /* Utils */ = {
			isa = PBXGroup;
			children = (
				EFD0FED52D65B450004E7201 /* Preview Content */,
				EFD0FED62D65B450004E7201 /* Assets.xcassets */,
			);
			path = Utils;
			sourceTree = "<group>";
		};
		EFD0FED92D65B450004E7201 /* WindowGroup */ = {
			isa = PBXGroup;
			children = (
				EFD0FED82D65B450004E7201 /* ThirdViewAppApp.swift */,
			);
			path = WindowGroup;
			sourceTree = "<group>";
		};
		EFD0FEDA2D65B450004E7201 /* ThirdViewApp */ = {
			isa = PBXGroup;
			children = (
				EFD0FED02D65B450004E7201 /* ThirdViewInterface */,
				EFC2551A2D66B008005A18CD /* ThirdViewUI */,
				EFD0FEC72D65B450004E7201 /* Sources */,
				EFD0FECD2D65B450004E7201 /* Tests */,
				EFD0FED32D65B450004E7201 /* ThirdViewTesting */,
				EFD0FED72D65B450004E7201 /* Utils */,
				EFD0FED92D65B450004E7201 /* WindowGroup */,
			);
			path = ThirdViewApp;
			sourceTree = "<group>";
		};
/* End PBXGroup section */

/* Begin PBXHeadersBuildPhase section */
		EFC255052D66B002005A18CD /* Headers */ = {
			isa = PBXHeadersBuildPhase;
			buildActionMask = 2147483647;
			files = (
			);
			runOnlyForDeploymentPostprocessing = 0;
		};
		EFD0FDE32D65B2B0004E7201 /* Headers */ = {
			isa = PBXHeadersBuildPhase;
			buildActionMask = 2147483647;
			files = (
				EFD0FEE72D65B450004E7201 /* ThirdViewInterface.h in Headers */,
			);
			runOnlyForDeploymentPostprocessing = 0;
		};
		EFD0FEA02D65B3DD004E7201 /* Headers */ = {
			isa = PBXHeadersBuildPhase;
			buildActionMask = 2147483647;
			files = (
				EFD0FEEA2D65B450004E7201 /* ThirdViewTesting.h in Headers */,
			);
			runOnlyForDeploymentPostprocessing = 0;
		};
/* End PBXHeadersBuildPhase section */

/* Begin PBXNativeTarget section */
		EFBD14652D6446320090B457 /* ThirdViewApp */ = {
			isa = PBXNativeTarget;
			buildConfigurationList = EFBD148A2D6446340090B457 /* Build configuration list for PBXNativeTarget "ThirdViewApp" */;
			buildPhases = (
				EFBD14622D6446320090B457 /* Sources */,
				EFBD14632D6446320090B457 /* Frameworks */,
				EFBD14642D6446320090B457 /* Resources */,
				EFD0FDF22D65B2B0004E7201 /* Embed Frameworks */,
			);
			buildRules = (
			);
			dependencies = (
				EFD0FDEF2D65B2B0004E7201 /* PBXTargetDependency */,
				EFD0FEAC2D65B3DD004E7201 /* PBXTargetDependency */,
				EFC255112D66B002005A18CD /* PBXTargetDependency */,
			);
			name = ThirdViewApp;
			packageProductDependencies = (
			);
			productName = ThirdViewApp;
			productReference = EFBD14662D6446320090B457 /* ThirdViewApp.app */;
			productType = "com.apple.product-type.application";
		};
		EFBD14752D6446340090B457 /* ThirdViewAppTests */ = {
			isa = PBXNativeTarget;
			buildConfigurationList = EFBD148D2D6446340090B457 /* Build configuration list for PBXNativeTarget "ThirdViewAppTests" */;
			buildPhases = (
				EFBD14722D6446340090B457 /* Sources */,
				EFBD14732D6446340090B457 /* Frameworks */,
				EFBD14742D6446340090B457 /* Resources */,
			);
			buildRules = (
			);
			dependencies = (
				EFBD14782D6446340090B457 /* PBXTargetDependency */,
			);
			name = ThirdViewAppTests;
			packageProductDependencies = (
			);
			productName = ThirdViewAppTests;
			productReference = EFBD14762D6446340090B457 /* ThirdViewAppTests.xctest */;
			productType = "com.apple.product-type.bundle.unit-test";
		};
		EFBD147F2D6446340090B457 /* ThirdViewAppUITests */ = {
			isa = PBXNativeTarget;
			buildConfigurationList = EFBD14902D6446340090B457 /* Build configuration list for PBXNativeTarget "ThirdViewAppUITests" */;
			buildPhases = (
				EFBD147C2D6446340090B457 /* Sources */,
				EFBD147D2D6446340090B457 /* Frameworks */,
				EFBD147E2D6446340090B457 /* Resources */,
			);
			buildRules = (
			);
			dependencies = (
				EFBD14822D6446340090B457 /* PBXTargetDependency */,
			);
			name = ThirdViewAppUITests;
			packageProductDependencies = (
			);
			productName = ThirdViewAppUITests;
			productReference = EFBD14802D6446340090B457 /* ThirdViewAppUITests.xctest */;
			productType = "com.apple.product-type.bundle.ui-testing";
		};
		EFC255092D66B002005A18CD /* ThirdViewUI */ = {
			isa = PBXNativeTarget;
			buildConfigurationList = EFC255172D66B002005A18CD /* Build configuration list for PBXNativeTarget "ThirdViewUI" */;
			buildPhases = (
				EFC255052D66B002005A18CD /* Headers */,
				EFC255062D66B002005A18CD /* Sources */,
				EFC255072D66B002005A18CD /* Frameworks */,
				EFC255082D66B002005A18CD /* Resources */,
			);
			buildRules = (
			);
			dependencies = (
			);
			name = ThirdViewUI;
			packageProductDependencies = (
			);
			productName = ThirdViewUI;
			productReference = EFC2550A2D66B002005A18CD /* ThirdViewUI.framework */;
			productType = "com.apple.product-type.framework";
		};
		EFD0FDE72D65B2B0004E7201 /* ThirdViewInterface */ = {
			isa = PBXNativeTarget;
			buildConfigurationList = EFD0FDF62D65B2B0004E7201 /* Build configuration list for PBXNativeTarget "ThirdViewInterface" */;
			buildPhases = (
				EFD0FDE32D65B2B0004E7201 /* Headers */,
				EFD0FDE42D65B2B0004E7201 /* Sources */,
				EFD0FDE52D65B2B0004E7201 /* Frameworks */,
				EFD0FDE62D65B2B0004E7201 /* Resources */,
			);
			buildRules = (
			);
			dependencies = (
			);
			name = ThirdViewInterface;
			packageProductDependencies = (
			);
			productName = ThirdViewInterface;
			productReference = EFD0FDE82D65B2B0004E7201 /* ThirdViewInterface.framework */;
			productType = "com.apple.product-type.framework";
		};
		EFD0FEA42D65B3DD004E7201 /* ThirdViewTesting */ = {
			isa = PBXNativeTarget;
			buildConfigurationList = EFD0FEAF2D65B3DD004E7201 /* Build configuration list for PBXNativeTarget "ThirdViewTesting" */;
			buildPhases = (
				EFD0FEA02D65B3DD004E7201 /* Headers */,
				EFD0FEA12D65B3DD004E7201 /* Sources */,
				EFD0FEA22D65B3DD004E7201 /* Frameworks */,
				EFD0FEA32D65B3DD004E7201 /* Resources */,
			);
			buildRules = (
			);
			dependencies = (
			);
			name = ThirdViewTesting;
			packageProductDependencies = (
			);
			productName = ThirdViewTesting;
			productReference = EFD0FEA52D65B3DD004E7201 /* ThirdViewTesting.framework */;
			productType = "com.apple.product-type.framework";
		};
/* End PBXNativeTarget section */

/* Begin PBXProject section */
		EFBD145E2D6446320090B457 /* Project object */ = {
			isa = PBXProject;
			attributes = {
				BuildIndependentTargetsInParallel = 1;
				LastSwiftUpdateCheck = 1600;
				LastUpgradeCheck = 1600;
				TargetAttributes = {
					EFBD14652D6446320090B457 = {
						CreatedOnToolsVersion = 16.0;
					};
					EFBD14752D6446340090B457 = {
						CreatedOnToolsVersion = 16.0;
						TestTargetID = EFBD14652D6446320090B457;
					};
					EFBD147F2D6446340090B457 = {
						CreatedOnToolsVersion = 16.0;
						TestTargetID = EFBD14652D6446320090B457;
					};
					EFC255092D66B002005A18CD = {
						CreatedOnToolsVersion = 16.0;
					};
					EFD0FDE72D65B2B0004E7201 = {
						CreatedOnToolsVersion = 16.0;
					};
					EFD0FEA42D65B3DD004E7201 = {
						CreatedOnToolsVersion = 16.0;
					};
				};
			};
			buildConfigurationList = EFBD14612D6446320090B457 /* Build configuration list for PBXProject "ThirdViewApp" */;
			developmentRegion = en;
			hasScannedForEncodings = 0;
			knownRegions = (
				en,
				Base,
			);
			mainGroup = EFBD145D2D6446320090B457;
			minimizedProjectReferenceProxies = 1;
			preferredProjectObjectVersion = 77;
			productRefGroup = EFBD14672D6446320090B457 /* Products */;
			projectDirPath = "";
			projectRoot = "";
			targets = (
				EFBD14652D6446320090B457 /* ThirdViewApp */,
				EFBD14752D6446340090B457 /* ThirdViewAppTests */,
				EFBD147F2D6446340090B457 /* ThirdViewAppUITests */,
				EFD0FDE72D65B2B0004E7201 /* ThirdViewInterface */,
				EFD0FEA42D65B3DD004E7201 /* ThirdViewTesting */,
				EFC255092D66B002005A18CD /* ThirdViewUI */,
			);
		};
/* End PBXProject section */

/* Begin PBXResourcesBuildPhase section */
		EFBD14642D6446320090B457 /* Resources */ = {
			isa = PBXResourcesBuildPhase;
			buildActionMask = 2147483647;
			files = (
				EFD0FEDB2D65B450004E7201 /* Preview Assets.xcassets in Resources */,
				EFD0FEDC2D65B450004E7201 /* Assets.xcassets in Resources */,
			);
			runOnlyForDeploymentPostprocessing = 0;
		};
		EFBD14742D6446340090B457 /* Resources */ = {
			isa = PBXResourcesBuildPhase;
			buildActionMask = 2147483647;
			files = (
			);
			runOnlyForDeploymentPostprocessing = 0;
		};
		EFBD147E2D6446340090B457 /* Resources */ = {
			isa = PBXResourcesBuildPhase;
			buildActionMask = 2147483647;
			files = (
			);
			runOnlyForDeploymentPostprocessing = 0;
		};
		EFC255082D66B002005A18CD /* Resources */ = {
			isa = PBXResourcesBuildPhase;
			buildActionMask = 2147483647;
			files = (
			);
			runOnlyForDeploymentPostprocessing = 0;
		};
		EFD0FDE62D65B2B0004E7201 /* Resources */ = {
			isa = PBXResourcesBuildPhase;
			buildActionMask = 2147483647;
			files = (
			);
			runOnlyForDeploymentPostprocessing = 0;
		};
		EFD0FEA32D65B3DD004E7201 /* Resources */ = {
			isa = PBXResourcesBuildPhase;
			buildActionMask = 2147483647;
			files = (
			);
			runOnlyForDeploymentPostprocessing = 0;
		};
/* End PBXResourcesBuildPhase section */

/* Begin PBXSourcesBuildPhase section */
		EFBD14622D6446320090B457 /* Sources */ = {
			isa = PBXSourcesBuildPhase;
			buildActionMask = 2147483647;
			files = (
				EFD0FEDD2D65B450004E7201 /* ThirdView.swift in Sources */,
				EFD0FEE32D65B450004E7201 /* ThirdViewAppApp.swift in Sources */,
			);
			runOnlyForDeploymentPostprocessing = 0;
		};
		EFBD14722D6446340090B457 /* Sources */ = {
			isa = PBXSourcesBuildPhase;
			buildActionMask = 2147483647;
			files = (
				EFD0FEE42D65B450004E7201 /* ThirdViewAppTests.swift in Sources */,
			);
			runOnlyForDeploymentPostprocessing = 0;
		};
		EFBD147C2D6446340090B457 /* Sources */ = {
			isa = PBXSourcesBuildPhase;
			buildActionMask = 2147483647;
			files = (
				EFD0FEE52D65B450004E7201 /* ThirdViewAppUITests.swift in Sources */,
				EFD0FEE62D65B450004E7201 /* ThirdViewAppUITestsLaunchTests.swift in Sources */,
			);
			runOnlyForDeploymentPostprocessing = 0;
		};
		EFC255062D66B002005A18CD /* Sources */ = {
			isa = PBXSourcesBuildPhase;
			buildActionMask = 2147483647;
			files = (
				EFC257CC2D671674005A18CD /* ThirdMainView.swift in Sources */,
			);
			runOnlyForDeploymentPostprocessing = 0;
		};
		EFD0FDE42D65B2B0004E7201 /* Sources */ = {
			isa = PBXSourcesBuildPhase;
			buildActionMask = 2147483647;
			files = (
				EFD0FEE82D65B450004E7201 /* ThirdViewInterface.docc in Sources */,
			);
			runOnlyForDeploymentPostprocessing = 0;
		};
		EFD0FEA12D65B3DD004E7201 /* Sources */ = {
			isa = PBXSourcesBuildPhase;
			buildActionMask = 2147483647;
			files = (
				EFD0FEE92D65B450004E7201 /* ThirdViewTesting.docc in Sources */,
			);
			runOnlyForDeploymentPostprocessing = 0;
		};
/* End PBXSourcesBuildPhase section */

/* Begin PBXTargetDependency section */
		EFBD14782D6446340090B457 /* PBXTargetDependency */ = {
			isa = PBXTargetDependency;
			target = EFBD14652D6446320090B457 /* ThirdViewApp */;
			targetProxy = EFBD14772D6446340090B457 /* PBXContainerItemProxy */;
		};
		EFBD14822D6446340090B457 /* PBXTargetDependency */ = {
			isa = PBXTargetDependency;
			target = EFBD14652D6446320090B457 /* ThirdViewApp */;
			targetProxy = EFBD14812D6446340090B457 /* PBXContainerItemProxy */;
		};
		EFC255112D66B002005A18CD /* PBXTargetDependency */ = {
			isa = PBXTargetDependency;
			target = EFC255092D66B002005A18CD /* ThirdViewUI */;
			targetProxy = EFC255102D66B002005A18CD /* PBXContainerItemProxy */;
		};
		EFD0FDEF2D65B2B0004E7201 /* PBXTargetDependency */ = {
			isa = PBXTargetDependency;
			target = EFD0FDE72D65B2B0004E7201 /* ThirdViewInterface */;
			targetProxy = EFD0FDEE2D65B2B0004E7201 /* PBXContainerItemProxy */;
		};
		EFD0FEAC2D65B3DD004E7201 /* PBXTargetDependency */ = {
			isa = PBXTargetDependency;
			target = EFD0FEA42D65B3DD004E7201 /* ThirdViewTesting */;
			targetProxy = EFD0FEAB2D65B3DD004E7201 /* PBXContainerItemProxy */;
		};
/* End PBXTargetDependency section */

/* Begin XCBuildConfiguration section */
		EFBD14882D6446340090B457 /* Debug */ = {
			isa = XCBuildConfiguration;
			buildSettings = {
				ALWAYS_SEARCH_USER_PATHS = NO;
				ASSETCATALOG_COMPILER_GENERATE_SWIFT_ASSET_SYMBOL_EXTENSIONS = YES;
				CLANG_ANALYZER_NONNULL = YES;
				CLANG_ANALYZER_NUMBER_OBJECT_CONVERSION = YES_AGGRESSIVE;
				CLANG_CXX_LANGUAGE_STANDARD = "gnu++20";
				CLANG_ENABLE_MODULES = YES;
				CLANG_ENABLE_OBJC_ARC = YES;
				CLANG_ENABLE_OBJC_WEAK = YES;
				CLANG_WARN_BLOCK_CAPTURE_AUTORELEASING = YES;
				CLANG_WARN_BOOL_CONVERSION = YES;
				CLANG_WARN_COMMA = YES;
				CLANG_WARN_CONSTANT_CONVERSION = YES;
				CLANG_WARN_DEPRECATED_OBJC_IMPLEMENTATIONS = YES;
				CLANG_WARN_DIRECT_OBJC_ISA_USAGE = YES_ERROR;
				CLANG_WARN_DOCUMENTATION_COMMENTS = YES;
				CLANG_WARN_EMPTY_BODY = YES;
				CLANG_WARN_ENUM_CONVERSION = YES;
				CLANG_WARN_INFINITE_RECURSION = YES;
				CLANG_WARN_INT_CONVERSION = YES;
				CLANG_WARN_NON_LITERAL_NULL_CONVERSION = YES;
				CLANG_WARN_OBJC_IMPLICIT_RETAIN_SELF = YES;
				CLANG_WARN_OBJC_LITERAL_CONVERSION = YES;
				CLANG_WARN_OBJC_ROOT_CLASS = YES_ERROR;
				CLANG_WARN_QUOTED_INCLUDE_IN_FRAMEWORK_HEADER = YES;
				CLANG_WARN_RANGE_LOOP_ANALYSIS = YES;
				CLANG_WARN_STRICT_PROTOTYPES = YES;
				CLANG_WARN_SUSPICIOUS_MOVE = YES;
				CLANG_WARN_UNGUARDED_AVAILABILITY = YES_AGGRESSIVE;
				CLANG_WARN_UNREACHABLE_CODE = YES;
				CLANG_WARN__DUPLICATE_METHOD_MATCH = YES;
				COPY_PHASE_STRIP = NO;
				DEBUG_INFORMATION_FORMAT = dwarf;
				ENABLE_STRICT_OBJC_MSGSEND = YES;
				ENABLE_TESTABILITY = YES;
				ENABLE_USER_SCRIPT_SANDBOXING = YES;
				GCC_C_LANGUAGE_STANDARD = gnu17;
				GCC_DYNAMIC_NO_PIC = NO;
				GCC_NO_COMMON_BLOCKS = YES;
				GCC_OPTIMIZATION_LEVEL = 0;
				GCC_PREPROCESSOR_DEFINITIONS = (
					"DEBUG=1",
					"$(inherited)",
				);
				GCC_WARN_64_TO_32_BIT_CONVERSION = YES;
				GCC_WARN_ABOUT_RETURN_TYPE = YES_ERROR;
				GCC_WARN_UNDECLARED_SELECTOR = YES;
				GCC_WARN_UNINITIALIZED_AUTOS = YES_AGGRESSIVE;
				GCC_WARN_UNUSED_FUNCTION = YES;
				GCC_WARN_UNUSED_VARIABLE = YES;
				IPHONEOS_DEPLOYMENT_TARGET = 16.6;
				LOCALIZATION_PREFERS_STRING_CATALOGS = YES;
				MTL_ENABLE_DEBUG_INFO = INCLUDE_SOURCE;
				MTL_FAST_MATH = YES;
				ONLY_ACTIVE_ARCH = YES;
				SDKROOT = iphoneos;
				SWIFT_ACTIVE_COMPILATION_CONDITIONS = "DEBUG $(inherited)";
				SWIFT_OPTIMIZATION_LEVEL = "-Onone";
			};
			name = Debug;
		};
		EFBD14892D6446340090B457 /* Release */ = {
			isa = XCBuildConfiguration;
			buildSettings = {
				ALWAYS_SEARCH_USER_PATHS = NO;
				ASSETCATALOG_COMPILER_GENERATE_SWIFT_ASSET_SYMBOL_EXTENSIONS = YES;
				CLANG_ANALYZER_NONNULL = YES;
				CLANG_ANALYZER_NUMBER_OBJECT_CONVERSION = YES_AGGRESSIVE;
				CLANG_CXX_LANGUAGE_STANDARD = "gnu++20";
				CLANG_ENABLE_MODULES = YES;
				CLANG_ENABLE_OBJC_ARC = YES;
				CLANG_ENABLE_OBJC_WEAK = YES;
				CLANG_WARN_BLOCK_CAPTURE_AUTORELEASING = YES;
				CLANG_WARN_BOOL_CONVERSION = YES;
				CLANG_WARN_COMMA = YES;
				CLANG_WARN_CONSTANT_CONVERSION = YES;
				CLANG_WARN_DEPRECATED_OBJC_IMPLEMENTATIONS = YES;
				CLANG_WARN_DIRECT_OBJC_ISA_USAGE = YES_ERROR;
				CLANG_WARN_DOCUMENTATION_COMMENTS = YES;
				CLANG_WARN_EMPTY_BODY = YES;
				CLANG_WARN_ENUM_CONVERSION = YES;
				CLANG_WARN_INFINITE_RECURSION = YES;
				CLANG_WARN_INT_CONVERSION = YES;
				CLANG_WARN_NON_LITERAL_NULL_CONVERSION = YES;
				CLANG_WARN_OBJC_IMPLICIT_RETAIN_SELF = YES;
				CLANG_WARN_OBJC_LITERAL_CONVERSION = YES;
				CLANG_WARN_OBJC_ROOT_CLASS = YES_ERROR;
				CLANG_WARN_QUOTED_INCLUDE_IN_FRAMEWORK_HEADER = YES;
				CLANG_WARN_RANGE_LOOP_ANALYSIS = YES;
				CLANG_WARN_STRICT_PROTOTYPES = YES;
				CLANG_WARN_SUSPICIOUS_MOVE = YES;
				CLANG_WARN_UNGUARDED_AVAILABILITY = YES_AGGRESSIVE;
				CLANG_WARN_UNREACHABLE_CODE = YES;
				CLANG_WARN__DUPLICATE_METHOD_MATCH = YES;
				COPY_PHASE_STRIP = NO;
				DEBUG_INFORMATION_FORMAT = "dwarf-with-dsym";
				ENABLE_NS_ASSERTIONS = NO;
				ENABLE_STRICT_OBJC_MSGSEND = YES;
				ENABLE_USER_SCRIPT_SANDBOXING = YES;
				GCC_C_LANGUAGE_STANDARD = gnu17;
				GCC_NO_COMMON_BLOCKS = YES;
				GCC_WARN_64_TO_32_BIT_CONVERSION = YES;
				GCC_WARN_ABOUT_RETURN_TYPE = YES_ERROR;
				GCC_WARN_UNDECLARED_SELECTOR = YES;
				GCC_WARN_UNINITIALIZED_AUTOS = YES_AGGRESSIVE;
				GCC_WARN_UNUSED_FUNCTION = YES;
				GCC_WARN_UNUSED_VARIABLE = YES;
				IPHONEOS_DEPLOYMENT_TARGET = 16.6;
				LOCALIZATION_PREFERS_STRING_CATALOGS = YES;
				MTL_ENABLE_DEBUG_INFO = NO;
				MTL_FAST_MATH = YES;
				SDKROOT = iphoneos;
				SWIFT_COMPILATION_MODE = wholemodule;
				VALIDATE_PRODUCT = YES;
			};
			name = Release;
		};
		EFBD148B2D6446340090B457 /* Debug */ = {
			isa = XCBuildConfiguration;
			buildSettings = {
				ASSETCATALOG_COMPILER_APPICON_NAME = AppIcon;
				ASSETCATALOG_COMPILER_GLOBAL_ACCENT_COLOR_NAME = AccentColor;
				CODE_SIGN_STYLE = Automatic;
				CURRENT_PROJECT_VERSION = 1;
				DEVELOPMENT_ASSET_PATHS = "\"ThirdViewApp/Utils/Preview Content\"";
				DEVELOPMENT_TEAM = Z93APRK365;
				ENABLE_PREVIEWS = YES;
				GENERATE_INFOPLIST_FILE = YES;
				INFOPLIST_KEY_UIApplicationSceneManifest_Generation = YES;
				INFOPLIST_KEY_UIApplicationSupportsIndirectInputEvents = YES;
				INFOPLIST_KEY_UILaunchScreen_Generation = YES;
				INFOPLIST_KEY_UISupportedInterfaceOrientations_iPad = "UIInterfaceOrientationPortrait UIInterfaceOrientationPortraitUpsideDown UIInterfaceOrientationLandscapeLeft UIInterfaceOrientationLandscapeRight";
				INFOPLIST_KEY_UISupportedInterfaceOrientations_iPhone = "UIInterfaceOrientationPortrait UIInterfaceOrientationLandscapeLeft UIInterfaceOrientationLandscapeRight";
				IPHONEOS_DEPLOYMENT_TARGET = 16;
				LD_RUNPATH_SEARCH_PATHS = (
					"$(inherited)",
					"@executable_path/Frameworks",
				);
				MARKETING_VERSION = 1.0;
				PRODUCT_BUNDLE_IDENTIFIER = com.SimSangGab.ThirdViewApp;
				PRODUCT_NAME = "$(TARGET_NAME)";
				SWIFT_EMIT_LOC_STRINGS = YES;
				SWIFT_VERSION = 5.0;
				TARGETED_DEVICE_FAMILY = "1,2";
			};
			name = Debug;
		};
		EFBD148C2D6446340090B457 /* Release */ = {
			isa = XCBuildConfiguration;
			buildSettings = {
				ASSETCATALOG_COMPILER_APPICON_NAME = AppIcon;
				ASSETCATALOG_COMPILER_GLOBAL_ACCENT_COLOR_NAME = AccentColor;
				CODE_SIGN_STYLE = Automatic;
				CURRENT_PROJECT_VERSION = 1;
				DEVELOPMENT_ASSET_PATHS = "\"ThirdViewApp/Utils/Preview Content\"";
				DEVELOPMENT_TEAM = Z93APRK365;
				ENABLE_PREVIEWS = YES;
				GENERATE_INFOPLIST_FILE = YES;
				INFOPLIST_KEY_UIApplicationSceneManifest_Generation = YES;
				INFOPLIST_KEY_UIApplicationSupportsIndirectInputEvents = YES;
				INFOPLIST_KEY_UILaunchScreen_Generation = YES;
				INFOPLIST_KEY_UISupportedInterfaceOrientations_iPad = "UIInterfaceOrientationPortrait UIInterfaceOrientationPortraitUpsideDown UIInterfaceOrientationLandscapeLeft UIInterfaceOrientationLandscapeRight";
				INFOPLIST_KEY_UISupportedInterfaceOrientations_iPhone = "UIInterfaceOrientationPortrait UIInterfaceOrientationLandscapeLeft UIInterfaceOrientationLandscapeRight";
				IPHONEOS_DEPLOYMENT_TARGET = 16;
				LD_RUNPATH_SEARCH_PATHS = (
					"$(inherited)",
					"@executable_path/Frameworks",
				);
				MARKETING_VERSION = 1.0;
				PRODUCT_BUNDLE_IDENTIFIER = com.SimSangGab.ThirdViewApp;
				PRODUCT_NAME = "$(TARGET_NAME)";
				SWIFT_EMIT_LOC_STRINGS = YES;
				SWIFT_VERSION = 5.0;
				TARGETED_DEVICE_FAMILY = "1,2";
			};
			name = Release;
		};
		EFBD148E2D6446340090B457 /* Debug */ = {
			isa = XCBuildConfiguration;
			buildSettings = {
				BUNDLE_LOADER = "$(TEST_HOST)";
				CODE_SIGN_STYLE = Automatic;
				CURRENT_PROJECT_VERSION = 1;
				DEVELOPMENT_TEAM = JA868URLCA;
				GENERATE_INFOPLIST_FILE = YES;
				IPHONEOS_DEPLOYMENT_TARGET = 16;
				MARKETING_VERSION = 1.0;
				PRODUCT_BUNDLE_IDENTIFIER = com.SimSangGab.ThirdViewAppTests;
				PRODUCT_NAME = "$(TARGET_NAME)";
				SWIFT_EMIT_LOC_STRINGS = NO;
				SWIFT_VERSION = 5.0;
				TARGETED_DEVICE_FAMILY = "1,2";
				TEST_HOST = "$(BUILT_PRODUCTS_DIR)/ThirdViewApp.app/$(BUNDLE_EXECUTABLE_FOLDER_PATH)/ThirdViewApp";
			};
			name = Debug;
		};
		EFBD148F2D6446340090B457 /* Release */ = {
			isa = XCBuildConfiguration;
			buildSettings = {
				BUNDLE_LOADER = "$(TEST_HOST)";
				CODE_SIGN_STYLE = Automatic;
				CURRENT_PROJECT_VERSION = 1;
				DEVELOPMENT_TEAM = JA868URLCA;
				GENERATE_INFOPLIST_FILE = YES;
				IPHONEOS_DEPLOYMENT_TARGET = 16;
				MARKETING_VERSION = 1.0;
				PRODUCT_BUNDLE_IDENTIFIER = com.SimSangGab.ThirdViewAppTests;
				PRODUCT_NAME = "$(TARGET_NAME)";
				SWIFT_EMIT_LOC_STRINGS = NO;
				SWIFT_VERSION = 5.0;
				TARGETED_DEVICE_FAMILY = "1,2";
				TEST_HOST = "$(BUILT_PRODUCTS_DIR)/ThirdViewApp.app/$(BUNDLE_EXECUTABLE_FOLDER_PATH)/ThirdViewApp";
			};
			name = Release;
		};
		EFBD14912D6446340090B457 /* Debug */ = {
			isa = XCBuildConfiguration;
			buildSettings = {
				CODE_SIGN_STYLE = Automatic;
				CURRENT_PROJECT_VERSION = 1;
				DEVELOPMENT_TEAM = JA868URLCA;
				GENERATE_INFOPLIST_FILE = YES;
				IPHONEOS_DEPLOYMENT_TARGET = 16;
				MARKETING_VERSION = 1.0;
				PRODUCT_BUNDLE_IDENTIFIER = com.SimSangGab.ThirdViewAppUITests;
				PRODUCT_NAME = "$(TARGET_NAME)";
				SWIFT_EMIT_LOC_STRINGS = NO;
				SWIFT_VERSION = 5.0;
				TARGETED_DEVICE_FAMILY = "1,2";
				TEST_TARGET_NAME = ThirdViewApp;
			};
			name = Debug;
		};
		EFBD14922D6446340090B457 /* Release */ = {
			isa = XCBuildConfiguration;
			buildSettings = {
				CODE_SIGN_STYLE = Automatic;
				CURRENT_PROJECT_VERSION = 1;
				DEVELOPMENT_TEAM = JA868URLCA;
				GENERATE_INFOPLIST_FILE = YES;
				IPHONEOS_DEPLOYMENT_TARGET = 16;
				MARKETING_VERSION = 1.0;
				PRODUCT_BUNDLE_IDENTIFIER = com.SimSangGab.ThirdViewAppUITests;
				PRODUCT_NAME = "$(TARGET_NAME)";
				SWIFT_EMIT_LOC_STRINGS = NO;
				SWIFT_VERSION = 5.0;
				TARGETED_DEVICE_FAMILY = "1,2";
				TEST_TARGET_NAME = ThirdViewApp;
			};
			name = Release;
		};
		EFC255142D66B002005A18CD /* Debug */ = {
			isa = XCBuildConfiguration;
			buildSettings = {
				BUILD_LIBRARY_FOR_DISTRIBUTION = YES;
				CODE_SIGN_STYLE = Automatic;
				CURRENT_PROJECT_VERSION = 1;
				DEFINES_MODULE = YES;
				DEVELOPMENT_TEAM = Z93APRK365;
				DYLIB_COMPATIBILITY_VERSION = 1;
				DYLIB_CURRENT_VERSION = 1;
				DYLIB_INSTALL_NAME_BASE = "@rpath";
				ENABLE_MODULE_VERIFIER = YES;
				GENERATE_INFOPLIST_FILE = YES;
				INFOPLIST_KEY_NSHumanReadableCopyright = "";
				INSTALL_PATH = "$(LOCAL_LIBRARY_DIR)/Frameworks";
				IPHONEOS_DEPLOYMENT_TARGET = 16;
				LD_RUNPATH_SEARCH_PATHS = (
					"$(inherited)",
					"@executable_path/Frameworks",
					"@loader_path/Frameworks",
				);
				MARKETING_VERSION = 1.0;
				MODULE_VERIFIER_SUPPORTED_LANGUAGES = "objective-c objective-c++";
				MODULE_VERIFIER_SUPPORTED_LANGUAGE_STANDARDS = "gnu17 gnu++20";
				PRODUCT_BUNDLE_IDENTIFIER = com.SimSangGab.ThirdViewUI;
				PRODUCT_NAME = "$(TARGET_NAME:c99extidentifier)";
				SKIP_INSTALL = YES;
				SWIFT_EMIT_LOC_STRINGS = YES;
				SWIFT_INSTALL_OBJC_HEADER = NO;
				SWIFT_VERSION = 5.0;
				TARGETED_DEVICE_FAMILY = "1,2";
				VERSIONING_SYSTEM = "apple-generic";
				VERSION_INFO_PREFIX = "";
			};
			name = Debug;
		};
		EFC255152D66B002005A18CD /* Release */ = {
			isa = XCBuildConfiguration;
			buildSettings = {
				BUILD_LIBRARY_FOR_DISTRIBUTION = YES;
				CODE_SIGN_STYLE = Automatic;
				CURRENT_PROJECT_VERSION = 1;
				DEFINES_MODULE = YES;
				DEVELOPMENT_TEAM = Z93APRK365;
				DYLIB_COMPATIBILITY_VERSION = 1;
				DYLIB_CURRENT_VERSION = 1;
				DYLIB_INSTALL_NAME_BASE = "@rpath";
				ENABLE_MODULE_VERIFIER = YES;
				GENERATE_INFOPLIST_FILE = YES;
				INFOPLIST_KEY_NSHumanReadableCopyright = "";
				INSTALL_PATH = "$(LOCAL_LIBRARY_DIR)/Frameworks";
				IPHONEOS_DEPLOYMENT_TARGET = 16;
				LD_RUNPATH_SEARCH_PATHS = (
					"$(inherited)",
					"@executable_path/Frameworks",
					"@loader_path/Frameworks",
				);
				MARKETING_VERSION = 1.0;
				MODULE_VERIFIER_SUPPORTED_LANGUAGES = "objective-c objective-c++";
				MODULE_VERIFIER_SUPPORTED_LANGUAGE_STANDARDS = "gnu17 gnu++20";
				PRODUCT_BUNDLE_IDENTIFIER = com.SimSangGab.ThirdViewUI;
				PRODUCT_NAME = "$(TARGET_NAME:c99extidentifier)";
				SKIP_INSTALL = YES;
				SWIFT_EMIT_LOC_STRINGS = YES;
				SWIFT_INSTALL_OBJC_HEADER = NO;
				SWIFT_VERSION = 5.0;
				TARGETED_DEVICE_FAMILY = "1,2";
				VERSIONING_SYSTEM = "apple-generic";
				VERSION_INFO_PREFIX = "";
			};
			name = Release;
		};
		EFD0FDF32D65B2B0004E7201 /* Debug */ = {
			isa = XCBuildConfiguration;
			buildSettings = {
				BUILD_LIBRARY_FOR_DISTRIBUTION = YES;
				CODE_SIGN_STYLE = Automatic;
				CURRENT_PROJECT_VERSION = 1;
				DEFINES_MODULE = YES;
				DEVELOPMENT_TEAM = Z93APRK365;
				DYLIB_COMPATIBILITY_VERSION = 1;
				DYLIB_CURRENT_VERSION = 1;
				DYLIB_INSTALL_NAME_BASE = "@rpath";
				ENABLE_MODULE_VERIFIER = YES;
				GENERATE_INFOPLIST_FILE = YES;
				INFOPLIST_KEY_NSHumanReadableCopyright = "";
				INSTALL_PATH = "$(LOCAL_LIBRARY_DIR)/Frameworks";
				IPHONEOS_DEPLOYMENT_TARGET = 18.0;
				LD_RUNPATH_SEARCH_PATHS = (
					"$(inherited)",
					"@executable_path/Frameworks",
					"@loader_path/Frameworks",
				);
				MARKETING_VERSION = 1.0;
				MODULE_VERIFIER_SUPPORTED_LANGUAGES = "objective-c objective-c++";
				MODULE_VERIFIER_SUPPORTED_LANGUAGE_STANDARDS = "gnu17 gnu++20";
				PRODUCT_BUNDLE_IDENTIFIER = com.SimSangGab.ThirdViewInterface;
				PRODUCT_NAME = "$(TARGET_NAME:c99extidentifier)";
				SKIP_INSTALL = YES;
				SWIFT_EMIT_LOC_STRINGS = YES;
				SWIFT_INSTALL_OBJC_HEADER = NO;
				SWIFT_VERSION = 5.0;
				TARGETED_DEVICE_FAMILY = "1,2";
				VERSIONING_SYSTEM = "apple-generic";
				VERSION_INFO_PREFIX = "";
			};
			name = Debug;
		};
		EFD0FDF42D65B2B0004E7201 /* Release */ = {
			isa = XCBuildConfiguration;
			buildSettings = {
				BUILD_LIBRARY_FOR_DISTRIBUTION = YES;
				CODE_SIGN_STYLE = Automatic;
				CURRENT_PROJECT_VERSION = 1;
				DEFINES_MODULE = YES;
				DEVELOPMENT_TEAM = Z93APRK365;
				DYLIB_COMPATIBILITY_VERSION = 1;
				DYLIB_CURRENT_VERSION = 1;
				DYLIB_INSTALL_NAME_BASE = "@rpath";
				ENABLE_MODULE_VERIFIER = YES;
				GENERATE_INFOPLIST_FILE = YES;
				INFOPLIST_KEY_NSHumanReadableCopyright = "";
				INSTALL_PATH = "$(LOCAL_LIBRARY_DIR)/Frameworks";
				IPHONEOS_DEPLOYMENT_TARGET = 18.0;
				LD_RUNPATH_SEARCH_PATHS = (
					"$(inherited)",
					"@executable_path/Frameworks",
					"@loader_path/Frameworks",
				);
				MARKETING_VERSION = 1.0;
				MODULE_VERIFIER_SUPPORTED_LANGUAGES = "objective-c objective-c++";
				MODULE_VERIFIER_SUPPORTED_LANGUAGE_STANDARDS = "gnu17 gnu++20";
				PRODUCT_BUNDLE_IDENTIFIER = com.SimSangGab.ThirdViewInterface;
				PRODUCT_NAME = "$(TARGET_NAME:c99extidentifier)";
				SKIP_INSTALL = YES;
				SWIFT_EMIT_LOC_STRINGS = YES;
				SWIFT_INSTALL_OBJC_HEADER = NO;
				SWIFT_VERSION = 5.0;
				TARGETED_DEVICE_FAMILY = "1,2";
				VERSIONING_SYSTEM = "apple-generic";
				VERSION_INFO_PREFIX = "";
			};
			name = Release;
		};
		EFD0FEB02D65B3DD004E7201 /* Debug */ = {
			isa = XCBuildConfiguration;
			buildSettings = {
				BUILD_LIBRARY_FOR_DISTRIBUTION = YES;
				CODE_SIGN_STYLE = Automatic;
				CURRENT_PROJECT_VERSION = 1;
				DEFINES_MODULE = YES;
				DEVELOPMENT_TEAM = Z93APRK365;
				DYLIB_COMPATIBILITY_VERSION = 1;
				DYLIB_CURRENT_VERSION = 1;
				DYLIB_INSTALL_NAME_BASE = "@rpath";
				ENABLE_MODULE_VERIFIER = YES;
				GENERATE_INFOPLIST_FILE = YES;
				INFOPLIST_KEY_NSHumanReadableCopyright = "";
				INSTALL_PATH = "$(LOCAL_LIBRARY_DIR)/Frameworks";
				IPHONEOS_DEPLOYMENT_TARGET = 16;
				LD_RUNPATH_SEARCH_PATHS = (
					"$(inherited)",
					"@executable_path/Frameworks",
					"@loader_path/Frameworks",
				);
				MARKETING_VERSION = 1.0;
				MODULE_VERIFIER_SUPPORTED_LANGUAGES = "objective-c objective-c++";
				MODULE_VERIFIER_SUPPORTED_LANGUAGE_STANDARDS = "gnu17 gnu++20";
				PRODUCT_BUNDLE_IDENTIFIER = com.SimSangGab.ThirdViewTesting;
				PRODUCT_NAME = "$(TARGET_NAME:c99extidentifier)";
				SKIP_INSTALL = YES;
				SWIFT_EMIT_LOC_STRINGS = YES;
				SWIFT_INSTALL_OBJC_HEADER = NO;
				SWIFT_VERSION = 5.0;
				TARGETED_DEVICE_FAMILY = "1,2";
				VERSIONING_SYSTEM = "apple-generic";
				VERSION_INFO_PREFIX = "";
			};
			name = Debug;
		};
		EFD0FEB12D65B3DD004E7201 /* Release */ = {
			isa = XCBuildConfiguration;
			buildSettings = {
				BUILD_LIBRARY_FOR_DISTRIBUTION = YES;
				CODE_SIGN_STYLE = Automatic;
				CURRENT_PROJECT_VERSION = 1;
				DEFINES_MODULE = YES;
				DEVELOPMENT_TEAM = Z93APRK365;
				DYLIB_COMPATIBILITY_VERSION = 1;
				DYLIB_CURRENT_VERSION = 1;
				DYLIB_INSTALL_NAME_BASE = "@rpath";
				ENABLE_MODULE_VERIFIER = YES;
				GENERATE_INFOPLIST_FILE = YES;
				INFOPLIST_KEY_NSHumanReadableCopyright = "";
				INSTALL_PATH = "$(LOCAL_LIBRARY_DIR)/Frameworks";
				IPHONEOS_DEPLOYMENT_TARGET = 16;
				LD_RUNPATH_SEARCH_PATHS = (
					"$(inherited)",
					"@executable_path/Frameworks",
					"@loader_path/Frameworks",
				);
				MARKETING_VERSION = 1.0;
				MODULE_VERIFIER_SUPPORTED_LANGUAGES = "objective-c objective-c++";
				MODULE_VERIFIER_SUPPORTED_LANGUAGE_STANDARDS = "gnu17 gnu++20";
				PRODUCT_BUNDLE_IDENTIFIER = com.SimSangGab.ThirdViewTesting;
				PRODUCT_NAME = "$(TARGET_NAME:c99extidentifier)";
				SKIP_INSTALL = YES;
				SWIFT_EMIT_LOC_STRINGS = YES;
				SWIFT_INSTALL_OBJC_HEADER = NO;
				SWIFT_VERSION = 5.0;
				TARGETED_DEVICE_FAMILY = "1,2";
				VERSIONING_SYSTEM = "apple-generic";
				VERSION_INFO_PREFIX = "";
			};
			name = Release;
		};
/* End XCBuildConfiguration section */

/* Begin XCConfigurationList section */
		EFBD14612D6446320090B457 /* Build configuration list for PBXProject "ThirdViewApp" */ = {
			isa = XCConfigurationList;
			buildConfigurations = (
				EFBD14882D6446340090B457 /* Debug */,
				EFBD14892D6446340090B457 /* Release */,
			);
			defaultConfigurationIsVisible = 0;
			defaultConfigurationName = Release;
		};
		EFBD148A2D6446340090B457 /* Build configuration list for PBXNativeTarget "ThirdViewApp" */ = {
			isa = XCConfigurationList;
			buildConfigurations = (
				EFBD148B2D6446340090B457 /* Debug */,
				EFBD148C2D6446340090B457 /* Release */,
			);
			defaultConfigurationIsVisible = 0;
			defaultConfigurationName = Release;
		};
		EFBD148D2D6446340090B457 /* Build configuration list for PBXNativeTarget "ThirdViewAppTests" */ = {
			isa = XCConfigurationList;
			buildConfigurations = (
				EFBD148E2D6446340090B457 /* Debug */,
				EFBD148F2D6446340090B457 /* Release */,
			);
			defaultConfigurationIsVisible = 0;
			defaultConfigurationName = Release;
		};
		EFBD14902D6446340090B457 /* Build configuration list for PBXNativeTarget "ThirdViewAppUITests" */ = {
			isa = XCConfigurationList;
			buildConfigurations = (
				EFBD14912D6446340090B457 /* Debug */,
				EFBD14922D6446340090B457 /* Release */,
			);
			defaultConfigurationIsVisible = 0;
			defaultConfigurationName = Release;
		};
		EFC255172D66B002005A18CD /* Build configuration list for PBXNativeTarget "ThirdViewUI" */ = {
			isa = XCConfigurationList;
			buildConfigurations = (
				EFC255142D66B002005A18CD /* Debug */,
				EFC255152D66B002005A18CD /* Release */,
			);
			defaultConfigurationIsVisible = 0;
			defaultConfigurationName = Release;
		};
		EFD0FDF62D65B2B0004E7201 /* Build configuration list for PBXNativeTarget "ThirdViewInterface" */ = {
			isa = XCConfigurationList;
			buildConfigurations = (
				EFD0FDF32D65B2B0004E7201 /* Debug */,
				EFD0FDF42D65B2B0004E7201 /* Release */,
			);
			defaultConfigurationIsVisible = 0;
			defaultConfigurationName = Release;
		};
		EFD0FEAF2D65B3DD004E7201 /* Build configuration list for PBXNativeTarget "ThirdViewTesting" */ = {
			isa = XCConfigurationList;
			buildConfigurations = (
				EFD0FEB02D65B3DD004E7201 /* Debug */,
				EFD0FEB12D65B3DD004E7201 /* Release */,
			);
			defaultConfigurationIsVisible = 0;
			defaultConfigurationName = Release;
		};
/* End XCConfigurationList section */
	};
	rootObject = EFBD145E2D6446320090B457 /* Project object */;
}
